// !$*UTF8*$!
{
	archiveVersion = 1;
	classes = {
	};
	objectVersion = 63;
	objects = {

/* Begin PBXBuildFile section */
		AF0042752AE9BD8F0051BB1E /* UserDefaultKeys.swift in Sources */ = {isa = PBXBuildFile; fileRef = AF0042742AE9BD8F0051BB1E /* UserDefaultKeys.swift */; };
		AF0042762AE9BD8F0051BB1E /* UserDefaultKeys.swift in Sources */ = {isa = PBXBuildFile; fileRef = AF0042742AE9BD8F0051BB1E /* UserDefaultKeys.swift */; };
		AF0042772AE9BD8F0051BB1E /* UserDefaultKeys.swift in Sources */ = {isa = PBXBuildFile; fileRef = AF0042742AE9BD8F0051BB1E /* UserDefaultKeys.swift */; };
		AF00427D2AEA95D90051BB1E /* DataImage.swift in Sources */ = {isa = PBXBuildFile; fileRef = AFC4A65E2AE8AF3F005DAC6C /* DataImage.swift */; };
		AF0042832AEAA3ED0051BB1E /* libwebp in Frameworks */ = {isa = PBXBuildFile; productRef = AF0042822AEAA3ED0051BB1E /* libwebp */; };
		AF0042852AEABA9D0051BB1E /* CollectionHelpers.swift in Sources */ = {isa = PBXBuildFile; fileRef = AF0042842AEABA9D0051BB1E /* CollectionHelpers.swift */; };
		AF0042862AEABA9D0051BB1E /* CollectionHelpers.swift in Sources */ = {isa = PBXBuildFile; fileRef = AF0042842AEABA9D0051BB1E /* CollectionHelpers.swift */; };
		AF0042872AEABA9F0051BB1E /* CollectionHelpers.swift in Sources */ = {isa = PBXBuildFile; fileRef = AF0042842AEABA9D0051BB1E /* CollectionHelpers.swift */; };
		AF06AAD82BA3798E002C8FAF /* libwebp in Frameworks */ = {isa = PBXBuildFile; platformFilters = (tvos, ); productRef = AF06AAD72BA3798E002C8FAF /* libwebp */; };
		AF0C82882AEB44C000CBE7F8 /* AccentColor.xcassets in Resources */ = {isa = PBXBuildFile; fileRef = AF0C82872AEB44BF00CBE7F8 /* AccentColor.xcassets */; };
		AF0C82892AEB463300CBE7F8 /* AccentColor.xcassets in Resources */ = {isa = PBXBuildFile; fileRef = AF0C82872AEB44BF00CBE7F8 /* AccentColor.xcassets */; };
		AF0C828A2AEB463400CBE7F8 /* AccentColor.xcassets in Resources */ = {isa = PBXBuildFile; fileRef = AF0C82872AEB44BF00CBE7F8 /* AccentColor.xcassets */; };
		AF0C828C2AEB494D00CBE7F8 /* VolumeSliderView.swift in Sources */ = {isa = PBXBuildFile; fileRef = AF0C828B2AEB494D00CBE7F8 /* VolumeSliderView.swift */; };
		AF0C82902AEBF2A200CBE7F8 /* ECPSession.swift in Sources */ = {isa = PBXBuildFile; fileRef = AF0C828F2AEBF2A200CBE7F8 /* ECPSession.swift */; };
		AF0C82932AEBFA7500CBE7F8 /* StatelessDeviceAPI.swift in Sources */ = {isa = PBXBuildFile; fileRef = AF0C82922AEBFA7500CBE7F8 /* StatelessDeviceAPI.swift */; };
		AF0C82952AEBFB4600CBE7F8 /* APIHelpers.swift in Sources */ = {isa = PBXBuildFile; fileRef = AF0C82942AEBFB4600CBE7F8 /* APIHelpers.swift */; };
		AF0C82962AEBFB4600CBE7F8 /* APIHelpers.swift in Sources */ = {isa = PBXBuildFile; fileRef = AF0C82942AEBFB4600CBE7F8 /* APIHelpers.swift */; };
		AF0C82972AEBFB4600CBE7F8 /* APIHelpers.swift in Sources */ = {isa = PBXBuildFile; fileRef = AF0C82942AEBFB4600CBE7F8 /* APIHelpers.swift */; };
		AF0C82982AEBFBD500CBE7F8 /* StatelessDeviceAPI.swift in Sources */ = {isa = PBXBuildFile; fileRef = AF0C82922AEBFA7500CBE7F8 /* StatelessDeviceAPI.swift */; };
		AF0C82992AEBFBD500CBE7F8 /* StatelessDeviceAPI.swift in Sources */ = {isa = PBXBuildFile; fileRef = AF0C82922AEBFA7500CBE7F8 /* StatelessDeviceAPI.swift */; };
		AF0C82A82AEC0C2C00CBE7F8 /* Shortcuts.swift in Sources */ = {isa = PBXBuildFile; fileRef = AFC6E6B72ADE28C80036EC90 /* Shortcuts.swift */; };
		AF11D36F2AD35D2800527AF6 /* SettingsView.swift in Sources */ = {isa = PBXBuildFile; fileRef = AF11D36E2AD35D2800527AF6 /* SettingsView.swift */; };
		AF15C2492AE8672700B79FD9 /* RoamWatchApp.swift in Sources */ = {isa = PBXBuildFile; fileRef = AF15C2482AE8672700B79FD9 /* RoamWatchApp.swift */; };
		AF15C2532AE8672800B79FD9 /* Roam.app in Embed Watch Content */ = {isa = PBXBuildFile; fileRef = AF15C2462AE8672700B79FD9 /* Roam.app */; platformFilter = ios; settings = {ATTRIBUTES = (RemoveHeadersOnCopy, ); }; };
		AF19CA142AE4471200A42DFF /* AsyncHelpers.swift in Sources */ = {isa = PBXBuildFile; fileRef = AF19CA132AE4471200A42DFF /* AsyncHelpers.swift */; };
		AF19CA152AE4471200A42DFF /* AsyncHelpers.swift in Sources */ = {isa = PBXBuildFile; fileRef = AF19CA132AE4471200A42DFF /* AsyncHelpers.swift */; };
		AF19CA1B2AE4510900A42DFF /* RTP.swift in Sources */ = {isa = PBXBuildFile; fileRef = AF19CA1A2AE4510900A42DFF /* RTP.swift */; };
		AF19CA1E2AE4517600A42DFF /* RTCP.swift in Sources */ = {isa = PBXBuildFile; fileRef = AF19CA1D2AE4517600A42DFF /* RTCP.swift */; };
		AF19CA212AE4536700A42DFF /* AsyncAlgorithms in Frameworks */ = {isa = PBXBuildFile; productRef = AF19CA202AE4536700A42DFF /* AsyncAlgorithms */; };
		AF19CA232AE455B400A42DFF /* DataHelpers.swift in Sources */ = {isa = PBXBuildFile; fileRef = AF19CA222AE455B400A42DFF /* DataHelpers.swift */; };
		AF19CA242AE455B400A42DFF /* DataHelpers.swift in Sources */ = {isa = PBXBuildFile; fileRef = AF19CA222AE455B400A42DFF /* DataHelpers.swift */; };
		AF19CA282AE54ABC00A42DFF /* SSDPService.swift in Sources */ = {isa = PBXBuildFile; fileRef = AF19CA272AE54ABC00A42DFF /* SSDPService.swift */; };
		AF19CA2B2AE54AD100A42DFF /* SSDPDiscovery.swift in Sources */ = {isa = PBXBuildFile; fileRef = AF19CA2A2AE54AD100A42DFF /* SSDPDiscovery.swift */; };
		AF19CA2E2AE692E600A42DFF /* AsyncBufferedChannel.swift in Sources */ = {isa = PBXBuildFile; fileRef = AF19CA2D2AE692E600A42DFF /* AsyncBufferedChannel.swift */; };
		AF19CA312AE6947600A42DFF /* ManagedCriticalState.swift in Sources */ = {isa = PBXBuildFile; fileRef = AF19CA302AE6947600A42DFF /* ManagedCriticalState.swift */; };
		AF19CA352AE694E500A42DFF /* AsyncThrowingBufferedChannel.swift in Sources */ = {isa = PBXBuildFile; fileRef = AF19CA342AE694E500A42DFF /* AsyncThrowingBufferedChannel.swift */; };
		AF19CA3A2AE6BF9D00A42DFF /* XMLCoder in Frameworks */ = {isa = PBXBuildFile; productRef = AF19CA392AE6BF9D00A42DFF /* XMLCoder */; };
		AF19CA3C2AE6BFC400A42DFF /* DeviceApi.swift in Sources */ = {isa = PBXBuildFile; fileRef = AF19CA3B2AE6BFC300A42DFF /* DeviceApi.swift */; };
		AF19CA3D2AE6BFDF00A42DFF /* DeviceApi.swift in Sources */ = {isa = PBXBuildFile; fileRef = AF19CA3B2AE6BFC300A42DFF /* DeviceApi.swift */; };
		AF205B1F2AE02CAF00041CDF /* MediumRemoteWidget.swift in Sources */ = {isa = PBXBuildFile; fileRef = AF95B71D2ADF3BA7005FC338 /* MediumRemoteWidget.swift */; };
		AF205B202AE02CAF00041CDF /* WidgetHelpers.swift in Sources */ = {isa = PBXBuildFile; fileRef = AF95B7192ADF340A005FC338 /* WidgetHelpers.swift */; };
		AF205B212AE02CAF00041CDF /* SmallRemoteWidget.swift in Sources */ = {isa = PBXBuildFile; fileRef = AF95B7132ADF304E005FC338 /* SmallRemoteWidget.swift */; };
		AF205B242AE02D0100041CDF /* RemoteButton.swift in Sources */ = {isa = PBXBuildFile; fileRef = AFC6E68B2ADDDF450036EC90 /* RemoteButton.swift */; };
		AF205B262AE02D0100041CDF /* Device.swift in Sources */ = {isa = PBXBuildFile; fileRef = AF11D36C2AD2D41100527AF6 /* Device.swift */; };
		AF205B272AE02D0100041CDF /* NetworkHelpers.swift in Sources */ = {isa = PBXBuildFile; fileRef = AF95B74F2ADF43FD005FC338 /* NetworkHelpers.swift */; };
		AF205B282AE02D0100041CDF /* AppLink.swift in Sources */ = {isa = PBXBuildFile; fileRef = AF56E3B02AD97AB100F5E6E0 /* AppLink.swift */; };
		AF205B292AE02D1C00041CDF /* LaunchAppIntent.swift in Sources */ = {isa = PBXBuildFile; fileRef = AFC6E68F2ADDE4AA0036EC90 /* LaunchAppIntent.swift */; };
		AF205B2A2AE02D1C00041CDF /* RemoteButtonAppEnum.swift in Sources */ = {isa = PBXBuildFile; fileRef = AF20ACFB2AE017B600D371C7 /* RemoteButtonAppEnum.swift */; };
		AF205B2B2AE02D1C00041CDF /* ButtonPressIntents.swift in Sources */ = {isa = PBXBuildFile; fileRef = AFC6E6862ADDDE110036EC90 /* ButtonPressIntents.swift */; };
		AF205B2C2AE02D1C00041CDF /* WidgetIntents.swift in Sources */ = {isa = PBXBuildFile; fileRef = AFF607892AE0037900A7D657 /* WidgetIntents.swift */; };
		AF205B2D2AE02D1C00041CDF /* DeviceAppEntity.swift in Sources */ = {isa = PBXBuildFile; fileRef = AFC6E6872ADDDE110036EC90 /* DeviceAppEntity.swift */; };
		AF205B2E2AE02D1C00041CDF /* AppLinkAppEntity.swift in Sources */ = {isa = PBXBuildFile; fileRef = AFC6E68D2ADDE2BC0036EC90 /* AppLinkAppEntity.swift */; };
		AF20AD0C2AE01E9100D371C7 /* AppLink.swift in Sources */ = {isa = PBXBuildFile; fileRef = AF56E3B02AD97AB100F5E6E0 /* AppLink.swift */; };
		AF20AD0D2AE01E9100D371C7 /* Device.swift in Sources */ = {isa = PBXBuildFile; fileRef = AF11D36C2AD2D41100527AF6 /* Device.swift */; };
		AF20AD142AE01ED100D371C7 /* NetworkHelpers.swift in Sources */ = {isa = PBXBuildFile; fileRef = AF95B74F2ADF43FD005FC338 /* NetworkHelpers.swift */; };
		AF20AD172AE01EDB00D371C7 /* RemoteButton.swift in Sources */ = {isa = PBXBuildFile; fileRef = AFC6E68B2ADDDF450036EC90 /* RemoteButton.swift */; };
		AF26A22B2AF1A2B90070250F /* SmallAppView.swift in Sources */ = {isa = PBXBuildFile; fileRef = AFD9C4DC2AE9800500C4079C /* SmallAppView.swift */; };
		AF27400C2AE02C25007C6208 /* WidgetKit.framework in Frameworks */ = {isa = PBXBuildFile; fileRef = AF95B6FD2ADF2FEC005FC338 /* WidgetKit.framework */; };
		AF27400D2AE02C25007C6208 /* SwiftUI.framework in Frameworks */ = {isa = PBXBuildFile; fileRef = AF95B6FF2ADF2FEC005FC338 /* SwiftUI.framework */; };
		AF2740102AE02C25007C6208 /* RoamWidgetsBundle.swift in Sources */ = {isa = PBXBuildFile; fileRef = AF27400F2AE02C25007C6208 /* RoamWidgetsBundle.swift */; };
		AF27401B2AE02C26007C6208 /* RoamWidgets.appex in Embed Foundation Extensions */ = {isa = PBXBuildFile; fileRef = AF27400B2AE02C25007C6208 /* RoamWidgets.appex */; platformFilters = (ios, macos, ); settings = {ATTRIBUTES = (RemoveHeadersOnCopy, ); }; };
		AF35ACEB2BA3994200CC8B36 /* KeyboardMonitorUIKit.swift in Sources */ = {isa = PBXBuildFile; fileRef = AF35ACEA2BA3994200CC8B36 /* KeyboardMonitorUIKit.swift */; };
		AF35ACF22BA3D6B200CC8B36 /* PrivacyInfo.xcprivacy in Resources */ = {isa = PBXBuildFile; fileRef = AF35ACF12BA3D21F00CC8B36 /* PrivacyInfo.xcprivacy */; };
		AF35ACF32BA3D6B300CC8B36 /* PrivacyInfo.xcprivacy in Resources */ = {isa = PBXBuildFile; fileRef = AF35ACF12BA3D21F00CC8B36 /* PrivacyInfo.xcprivacy */; };
		AF3AD5532AE28F7400E2D780 /* ButtonGrid.swift in Sources */ = {isa = PBXBuildFile; fileRef = AF3AD5522AE28F7400E2D780 /* ButtonGrid.swift */; };
		AF3AD5552AE2910B00E2D780 /* CenterController.swift in Sources */ = {isa = PBXBuildFile; fileRef = AF3AD5542AE2910B00E2D780 /* CenterController.swift */; };
		AF3AD5572AE2928600E2D780 /* TopBar.swift in Sources */ = {isa = PBXBuildFile; fileRef = AF3AD5562AE2928600E2D780 /* TopBar.swift */; };
		AF3AD5592AE2940A00E2D780 /* KeyboardMonitorAppKit.swift in Sources */ = {isa = PBXBuildFile; fileRef = AF3AD5582AE2940A00E2D780 /* KeyboardMonitorAppKit.swift */; };
		AF3AD55B2AE2947E00E2D780 /* KeyboardEntry.swift in Sources */ = {isa = PBXBuildFile; fileRef = AF3AD55A2AE2947E00E2D780 /* KeyboardEntry.swift */; };
		AF3AD55D2AE299BD00E2D780 /* DevicePicker.swift in Sources */ = {isa = PBXBuildFile; fileRef = AF3AD55C2AE299BD00E2D780 /* DevicePicker.swift */; };
		AF3D62D72AE6F703006AB8E9 /* OpusDecoder.swift in Sources */ = {isa = PBXBuildFile; fileRef = AF3D62D62AE6F703006AB8E9 /* OpusDecoder.swift */; };
		AF3EEF952AE0206E00B661F3 /* AudioPlayer.swift in Sources */ = {isa = PBXBuildFile; fileRef = AF5B16E32AD5D5BB00053BDC /* AudioPlayer.swift */; };
		AF3EEF962AE0206E00B661F3 /* RokuSession.swift in Sources */ = {isa = PBXBuildFile; fileRef = AF76B8152AD8A14600DF6FF7 /* RokuSession.swift */; };
		AF3EEF972AE0206E00B661F3 /* BinaryHeap.swift in Sources */ = {isa = PBXBuildFile; fileRef = AFFED2502AD75EAF00357FA4 /* BinaryHeap.swift */; };
		AF5ED8D52AE984E9007DB2B8 /* WidgetColor.xcassets in Resources */ = {isa = PBXBuildFile; fileRef = AF5ED8D42AE984E9007DB2B8 /* WidgetColor.xcassets */; };
		AF5ED8DE2AE98C85007DB2B8 /* BindingExtensions.swift in Sources */ = {isa = PBXBuildFile; fileRef = AF5ED8DD2AE98C85007DB2B8 /* BindingExtensions.swift */; };
		AF5ED8DF2AE98C85007DB2B8 /* BindingExtensions.swift in Sources */ = {isa = PBXBuildFile; fileRef = AF5ED8DD2AE98C85007DB2B8 /* BindingExtensions.swift */; };
		AF5ED8E12AE98EE7007DB2B8 /* DevicePicker.swift in Sources */ = {isa = PBXBuildFile; fileRef = AF5ED8E02AE98EE7007DB2B8 /* DevicePicker.swift */; };
		AF5ED8E32AE992D1007DB2B8 /* AppListView.swift in Sources */ = {isa = PBXBuildFile; fileRef = AF5ED8D62AE985E1007DB2B8 /* AppListView.swift */; };
		AF5ED8E52AE99D95007DB2B8 /* ButtonGridView.swift in Sources */ = {isa = PBXBuildFile; fileRef = AF5ED8D92AE98607007DB2B8 /* ButtonGridView.swift */; };
		AF779BF02BA4D82600231BC5 /* Badge.swift in Sources */ = {isa = PBXBuildFile; fileRef = AF779BEF2BA4D82600231BC5 /* Badge.swift */; };
		AF779BF12BA4D82600231BC5 /* Badge.swift in Sources */ = {isa = PBXBuildFile; fileRef = AF779BEF2BA4D82600231BC5 /* Badge.swift */; };
		AF779BF32BA4D91E00231BC5 /* CaptureScrollWheelModifier.swift in Sources */ = {isa = PBXBuildFile; fileRef = AF779BF22BA4D91E00231BC5 /* CaptureScrollWheelModifier.swift */; };
		AF779BF52BA4D95D00231BC5 /* ViewExtensions.swift in Sources */ = {isa = PBXBuildFile; fileRef = AF779BF42BA4D95D00231BC5 /* ViewExtensions.swift */; };
		AF779BF72BA4DDD000231BC5 /* WrappingHStack.swift in Sources */ = {isa = PBXBuildFile; fileRef = AF779BF62BA4DDD000231BC5 /* WrappingHStack.swift */; };
		AF779BF82BA4DE2200231BC5 /* WrappingHStack.swift in Sources */ = {isa = PBXBuildFile; fileRef = AF779BF62BA4DDD000231BC5 /* WrappingHStack.swift */; };
		AF7BD44F2AE1789800F5E087 /* WidgetIntents.swift in Sources */ = {isa = PBXBuildFile; fileRef = AFF607892AE0037900A7D657 /* WidgetIntents.swift */; };
		AF842A5D2BA554E5005D52D2 /* CaptureScrollWheelModifier.swift in Sources */ = {isa = PBXBuildFile; fileRef = AF779BF22BA4D91E00231BC5 /* CaptureScrollWheelModifier.swift */; };
		AF95B76F2ADF5BA1005FC338 /* AppLinksView.swift in Sources */ = {isa = PBXBuildFile; fileRef = AF11D36A2AD2D0B800527AF6 /* AppLinksView.swift */; };
		AFA079DA2AE02561003E2754 /* DeviceAppEntity.swift in Sources */ = {isa = PBXBuildFile; fileRef = AFC6E6872ADDDE110036EC90 /* DeviceAppEntity.swift */; };
		AFA079DB2AE02561003E2754 /* ButtonPressIntents.swift in Sources */ = {isa = PBXBuildFile; fileRef = AFC6E6862ADDDE110036EC90 /* ButtonPressIntents.swift */; };
		AFA079DC2AE02561003E2754 /* RemoteButtonAppEnum.swift in Sources */ = {isa = PBXBuildFile; fileRef = AF20ACFB2AE017B600D371C7 /* RemoteButtonAppEnum.swift */; };
		AFA079DD2AE02561003E2754 /* AppLinkAppEntity.swift in Sources */ = {isa = PBXBuildFile; fileRef = AFC6E68D2ADDE2BC0036EC90 /* AppLinkAppEntity.swift */; };
		AFA079DE2AE02561003E2754 /* LaunchAppIntent.swift in Sources */ = {isa = PBXBuildFile; fileRef = AFC6E68F2ADDE4AA0036EC90 /* LaunchAppIntent.swift */; };
		AFA079DF2AE0263F003E2754 /* Shortcuts.swift in Sources */ = {isa = PBXBuildFile; fileRef = AFC6E6B72ADE28C80036EC90 /* Shortcuts.swift */; };
		AFA165C02AE92F92003F45ED /* AboutView.swift in Sources */ = {isa = PBXBuildFile; fileRef = AFA165BF2AE92F92003F45ED /* AboutView.swift */; };
		AFA9F8972B1B878600829B7C /* Shortcuts.swift in Sources */ = {isa = PBXBuildFile; fileRef = AFC6E6B72ADE28C80036EC90 /* Shortcuts.swift */; };
		AFA9F8992B1D29E000829B7C /* KeyboardShortcutPanel.swift in Sources */ = {isa = PBXBuildFile; fileRef = AFA9F8982B1D29E000829B7C /* KeyboardShortcutPanel.swift */; };
		AFC24EFF2AD0E5A1002AB66C /* RoamApp.swift in Sources */ = {isa = PBXBuildFile; fileRef = AFC24EFE2AD0E5A1002AB66C /* RoamApp.swift */; };
		AFC24F052AD0E5A2002AB66C /* AppIcon.xcassets in Resources */ = {isa = PBXBuildFile; fileRef = AFC24F042AD0E5A2002AB66C /* AppIcon.xcassets */; };
		AFC4A6582AE867A3005DAC6C /* AppIcon.xcassets in Resources */ = {isa = PBXBuildFile; fileRef = AFC24F042AD0E5A2002AB66C /* AppIcon.xcassets */; };
		AFC4A65A2AE88411005DAC6C /* LatencyListener.swift in Sources */ = {isa = PBXBuildFile; fileRef = AFC4A6592AE88411005DAC6C /* LatencyListener.swift */; };
		AFC4A65C2AE8AABA005DAC6C /* AppWidget.swift in Sources */ = {isa = PBXBuildFile; fileRef = AFC4A65B2AE8AABA005DAC6C /* AppWidget.swift */; };
		AFC4A65D2AE8AF16005DAC6C /* AppLinksView.swift in Sources */ = {isa = PBXBuildFile; fileRef = AF11D36A2AD2D0B800527AF6 /* AppLinksView.swift */; };
		AFC4A65F2AE8AF3F005DAC6C /* DataImage.swift in Sources */ = {isa = PBXBuildFile; fileRef = AFC4A65E2AE8AF3F005DAC6C /* DataImage.swift */; };
		AFC4A6602AE8AF3F005DAC6C /* DataImage.swift in Sources */ = {isa = PBXBuildFile; fileRef = AFC4A65E2AE8AF3F005DAC6C /* DataImage.swift */; };
		AFCF22DE2B2A52190048FFD9 /* NotificationBanner.swift in Sources */ = {isa = PBXBuildFile; fileRef = AFCF22DD2B2A52190048FFD9 /* NotificationBanner.swift */; };
		AFCF22E02B2A6A720048FFD9 /* NetworkMonitor.swift in Sources */ = {isa = PBXBuildFile; fileRef = AFCF22DF2B2A6A720048FFD9 /* NetworkMonitor.swift */; };
		AFD590D02AEC673C00189620 /* WatchConnector.swift in Sources */ = {isa = PBXBuildFile; fileRef = AFD590CF2AEC673C00189620 /* WatchConnector.swift */; };
		AFD590D22AEC692700189620 /* IPhoneConnector.swift in Sources */ = {isa = PBXBuildFile; fileRef = AFD590D12AEC692700189620 /* IPhoneConnector.swift */; };
		AFD590D62AEC787700189620 /* ModelContainer.swift in Sources */ = {isa = PBXBuildFile; fileRef = AFD590D52AEC787700189620 /* ModelContainer.swift */; };
		AFD590D72AEC787700189620 /* ModelContainer.swift in Sources */ = {isa = PBXBuildFile; fileRef = AFD590D52AEC787700189620 /* ModelContainer.swift */; };
		AFD590D82AEC787700189620 /* ModelContainer.swift in Sources */ = {isa = PBXBuildFile; fileRef = AFD590D52AEC787700189620 /* ModelContainer.swift */; };
		AFD9C4D92AE97FA600C4079C /* Device.swift in Sources */ = {isa = PBXBuildFile; fileRef = AF11D36C2AD2D41100527AF6 /* Device.swift */; };
		AFD9C4DA2AE97FDA00C4079C /* SettingsView.swift in Sources */ = {isa = PBXBuildFile; fileRef = AF11D36E2AD35D2800527AF6 /* SettingsView.swift */; };
		AFD9C4DB2AE97FE100C4079C /* AboutView.swift in Sources */ = {isa = PBXBuildFile; fileRef = AFA165BF2AE92F92003F45ED /* AboutView.swift */; };
		AFD9C4DF2AE9801400C4079C /* SmallAppView.swift in Sources */ = {isa = PBXBuildFile; fileRef = AFD9C4DC2AE9800500C4079C /* SmallAppView.swift */; };
		AFD9C4E32AE9808E00C4079C /* DeviceAppEntity.swift in Sources */ = {isa = PBXBuildFile; fileRef = AFC6E6872ADDDE110036EC90 /* DeviceAppEntity.swift */; };
		AFD9C4E42AE9809900C4079C /* AppLinkAppEntity.swift in Sources */ = {isa = PBXBuildFile; fileRef = AFC6E68D2ADDE2BC0036EC90 /* AppLinkAppEntity.swift */; };
		AFD9C4E52AE980A000C4079C /* WidgetIntents.swift in Sources */ = {isa = PBXBuildFile; fileRef = AFF607892AE0037900A7D657 /* WidgetIntents.swift */; };
		AFD9C4E62AE980A500C4079C /* ButtonPressIntents.swift in Sources */ = {isa = PBXBuildFile; fileRef = AFC6E6862ADDDE110036EC90 /* ButtonPressIntents.swift */; };
		AFD9C4E72AE980A800C4079C /* LaunchAppIntent.swift in Sources */ = {isa = PBXBuildFile; fileRef = AFC6E68F2ADDE4AA0036EC90 /* LaunchAppIntent.swift */; };
		AFD9C4E82AE980AA00C4079C /* RemoteButtonAppEnum.swift in Sources */ = {isa = PBXBuildFile; fileRef = AF20ACFB2AE017B600D371C7 /* RemoteButtonAppEnum.swift */; };
		AFD9C4E92AE980B200C4079C /* RemoteButton.swift in Sources */ = {isa = PBXBuildFile; fileRef = AFC6E68B2ADDDF450036EC90 /* RemoteButton.swift */; };
		AFD9C4EA2AE980B500C4079C /* AppLink.swift in Sources */ = {isa = PBXBuildFile; fileRef = AF56E3B02AD97AB100F5E6E0 /* AppLink.swift */; };
		AFD9C4EB2AE980BD00C4079C /* AsyncHelpers.swift in Sources */ = {isa = PBXBuildFile; fileRef = AF19CA132AE4471200A42DFF /* AsyncHelpers.swift */; };
		AFD9C4EC2AE980BF00C4079C /* NetworkHelpers.swift in Sources */ = {isa = PBXBuildFile; fileRef = AF95B74F2ADF43FD005FC338 /* NetworkHelpers.swift */; };
		AFD9C4ED2AE980C300C4079C /* DataHelpers.swift in Sources */ = {isa = PBXBuildFile; fileRef = AF19CA222AE455B400A42DFF /* DataHelpers.swift */; };
		AFD9C4F22AE9828600C4079C /* SmallRemoteView.swift in Sources */ = {isa = PBXBuildFile; fileRef = AFD9C4E02AE9802200C4079C /* SmallRemoteView.swift */; };
		AFD9C4F32AE982E400C4079C /* DiscoveryActor.swift in Sources */ = {isa = PBXBuildFile; fileRef = AF95B7532ADF4435005FC338 /* DiscoveryActor.swift */; };
		AFD9C4F52AE9830100C4079C /* XMLCoder in Frameworks */ = {isa = PBXBuildFile; productRef = AFD9C4F42AE9830100C4079C /* XMLCoder */; };
		AFD9C4F82AE983A800C4079C /* Scanner.swift in Sources */ = {isa = PBXBuildFile; fileRef = AF5FDAD52ADB3C4B006CDEB3 /* Scanner.swift */; };
		AFD9C4F92AE983AE00C4079C /* SSDPService.swift in Sources */ = {isa = PBXBuildFile; fileRef = AF19CA272AE54ABC00A42DFF /* SSDPService.swift */; };
		AFD9C4FA2AE983B300C4079C /* SSDPDiscovery.swift in Sources */ = {isa = PBXBuildFile; fileRef = AF19CA2A2AE54AD100A42DFF /* SSDPDiscovery.swift */; };
		AFD9C4FB2AE983BF00C4079C /* DeviceApi.swift in Sources */ = {isa = PBXBuildFile; fileRef = AF19CA3B2AE6BFC300A42DFF /* DeviceApi.swift */; };
		AFD9C4FC2AE983C700C4079C /* AsyncSemaphore.swift in Sources */ = {isa = PBXBuildFile; fileRef = AFC6E67E2ADCE5D80036EC90 /* AsyncSemaphore.swift */; };
		AFE89A2D2B9E793E0078387C /* Debugger.swift in Sources */ = {isa = PBXBuildFile; fileRef = AFE89A2C2B9E793E0078387C /* Debugger.swift */; };
		AFE89A2E2B9EBBD30078387C /* Debugger.swift in Sources */ = {isa = PBXBuildFile; fileRef = AFE89A2C2B9E793E0078387C /* Debugger.swift */; };
		AFECDE1A2AE184FE003F6676 /* XMLCoder in Frameworks */ = {isa = PBXBuildFile; productRef = AFECDE192AE184FE003F6676 /* XMLCoder */; };
		AFECDE1D2AE18511003F6676 /* Opus in Frameworks */ = {isa = PBXBuildFile; productRef = AFECDE1C2AE18511003F6676 /* Opus */; };
		AFECDE202AE18519003F6676 /* RTP in Frameworks */ = {isa = PBXBuildFile; productRef = AFECDE1F2AE18519003F6676 /* RTP */; };
		AFED424A2AEE8F3B0023D684 /* VolumeListener.swift in Sources */ = {isa = PBXBuildFile; fileRef = AFED42492AEE8F3B0023D684 /* VolumeListener.swift */; };
		AFF6077F2ADFACBA00A7D657 /* AsyncSemaphore.swift in Sources */ = {isa = PBXBuildFile; fileRef = AFC6E67E2ADCE5D80036EC90 /* AsyncSemaphore.swift */; };
		AFF607802ADFACBA00A7D657 /* Scanner.swift in Sources */ = {isa = PBXBuildFile; fileRef = AF5FDAD52ADB3C4B006CDEB3 /* Scanner.swift */; };
		AFF607812ADFACBA00A7D657 /* DiscoveryActor.swift in Sources */ = {isa = PBXBuildFile; fileRef = AF95B7532ADF4435005FC338 /* DiscoveryActor.swift */; };
		AFFC71E62AD1212100EE8EA0 /* RemoteView.swift in Sources */ = {isa = PBXBuildFile; fileRef = AFFC71E52AD1212100EE8EA0 /* RemoteView.swift */; };
/* End PBXBuildFile section */

/* Begin PBXContainerItemProxy section */
		AF15C2512AE8672800B79FD9 /* PBXContainerItemProxy */ = {
			isa = PBXContainerItemProxy;
			containerPortal = AFC24EF32AD0E5A1002AB66C /* Project object */;
			proxyType = 1;
			remoteGlobalIDString = AF15C2452AE8672700B79FD9;
			remoteInfo = "RoamWatch Watch App";
		};
		AF2740192AE02C26007C6208 /* PBXContainerItemProxy */ = {
			isa = PBXContainerItemProxy;
			containerPortal = AFC24EF32AD0E5A1002AB66C /* Project object */;
			proxyType = 1;
			remoteGlobalIDString = AF27400A2AE02C25007C6208;
			remoteInfo = BetterRemoteWidgetsExtension;
		};
/* End PBXContainerItemProxy section */

/* Begin PBXCopyFilesBuildPhase section */
		AF15C2572AE8672800B79FD9 /* Embed Watch Content */ = {
			isa = PBXCopyFilesBuildPhase;
			buildActionMask = 2147483647;
			dstPath = "$(CONTENTS_FOLDER_PATH)/Watch";
			dstSubfolderSpec = 16;
			files = (
				AF15C2532AE8672800B79FD9 /* Roam.app in Embed Watch Content */,
			);
			name = "Embed Watch Content";
			runOnlyForDeploymentPostprocessing = 0;
		};
		AF95B7302ADF3F5A005FC338 /* Embed Frameworks */ = {
			isa = PBXCopyFilesBuildPhase;
			buildActionMask = 2147483647;
			dstPath = "";
			dstSubfolderSpec = 10;
			files = (
			);
			name = "Embed Frameworks";
			runOnlyForDeploymentPostprocessing = 0;
		};
		AFA079CE2AE02352003E2754 /* Embed ExtensionKit Extensions */ = {
			isa = PBXCopyFilesBuildPhase;
			buildActionMask = 2147483647;
			dstPath = "$(EXTENSIONS_FOLDER_PATH)";
			dstSubfolderSpec = 16;
			files = (
			);
			name = "Embed ExtensionKit Extensions";
			runOnlyForDeploymentPostprocessing = 0;
		};
		AFC6E6B62ADDF6BC0036EC90 /* Embed Foundation Extensions */ = {
			isa = PBXCopyFilesBuildPhase;
			buildActionMask = 2147483647;
			dstPath = "";
			dstSubfolderSpec = 13;
			files = (
				AF27401B2AE02C26007C6208 /* RoamWidgets.appex in Embed Foundation Extensions */,
			);
			name = "Embed Foundation Extensions";
			runOnlyForDeploymentPostprocessing = 0;
		};
/* End PBXCopyFilesBuildPhase section */

/* Begin PBXFileReference section */
		AF0042742AE9BD8F0051BB1E /* UserDefaultKeys.swift */ = {isa = PBXFileReference; lastKnownFileType = sourcecode.swift; path = UserDefaultKeys.swift; sourceTree = "<group>"; };
		AF0042842AEABA9D0051BB1E /* CollectionHelpers.swift */ = {isa = PBXFileReference; lastKnownFileType = sourcecode.swift; path = CollectionHelpers.swift; sourceTree = "<group>"; };
		AF0C82872AEB44BF00CBE7F8 /* AccentColor.xcassets */ = {isa = PBXFileReference; lastKnownFileType = folder.assetcatalog; path = AccentColor.xcassets; sourceTree = "<group>"; };
		AF0C828B2AEB494D00CBE7F8 /* VolumeSliderView.swift */ = {isa = PBXFileReference; lastKnownFileType = sourcecode.swift; path = VolumeSliderView.swift; sourceTree = "<group>"; };
		AF0C828F2AEBF2A200CBE7F8 /* ECPSession.swift */ = {isa = PBXFileReference; lastKnownFileType = sourcecode.swift; path = ECPSession.swift; sourceTree = "<group>"; };
		AF0C82922AEBFA7500CBE7F8 /* StatelessDeviceAPI.swift */ = {isa = PBXFileReference; lastKnownFileType = sourcecode.swift; path = StatelessDeviceAPI.swift; sourceTree = "<group>"; };
		AF0C82942AEBFB4600CBE7F8 /* APIHelpers.swift */ = {isa = PBXFileReference; lastKnownFileType = sourcecode.swift; path = APIHelpers.swift; sourceTree = "<group>"; };
		AF11D36A2AD2D0B800527AF6 /* AppLinksView.swift */ = {isa = PBXFileReference; lastKnownFileType = sourcecode.swift; path = AppLinksView.swift; sourceTree = "<group>"; };
		AF11D36C2AD2D41100527AF6 /* Device.swift */ = {isa = PBXFileReference; lastKnownFileType = sourcecode.swift; path = Device.swift; sourceTree = "<group>"; };
		AF11D36E2AD35D2800527AF6 /* SettingsView.swift */ = {isa = PBXFileReference; lastKnownFileType = sourcecode.swift; path = SettingsView.swift; sourceTree = "<group>"; };
		AF15C2462AE8672700B79FD9 /* Roam.app */ = {isa = PBXFileReference; explicitFileType = wrapper.application; includeInIndex = 0; path = Roam.app; sourceTree = BUILT_PRODUCTS_DIR; };
		AF15C2482AE8672700B79FD9 /* RoamWatchApp.swift */ = {isa = PBXFileReference; lastKnownFileType = sourcecode.swift; path = RoamWatchApp.swift; sourceTree = "<group>"; };
		AF19CA132AE4471200A42DFF /* AsyncHelpers.swift */ = {isa = PBXFileReference; lastKnownFileType = sourcecode.swift; path = AsyncHelpers.swift; sourceTree = "<group>"; };
		AF19CA1A2AE4510900A42DFF /* RTP.swift */ = {isa = PBXFileReference; lastKnownFileType = sourcecode.swift; path = RTP.swift; sourceTree = "<group>"; };
		AF19CA1D2AE4517600A42DFF /* RTCP.swift */ = {isa = PBXFileReference; lastKnownFileType = sourcecode.swift; path = RTCP.swift; sourceTree = "<group>"; };
		AF19CA222AE455B400A42DFF /* DataHelpers.swift */ = {isa = PBXFileReference; lastKnownFileType = sourcecode.swift; path = DataHelpers.swift; sourceTree = "<group>"; };
		AF19CA272AE54ABC00A42DFF /* SSDPService.swift */ = {isa = PBXFileReference; lastKnownFileType = sourcecode.swift; path = SSDPService.swift; sourceTree = "<group>"; };
		AF19CA2A2AE54AD100A42DFF /* SSDPDiscovery.swift */ = {isa = PBXFileReference; lastKnownFileType = sourcecode.swift; path = SSDPDiscovery.swift; sourceTree = "<group>"; };
		AF19CA2D2AE692E600A42DFF /* AsyncBufferedChannel.swift */ = {isa = PBXFileReference; lastKnownFileType = sourcecode.swift; path = AsyncBufferedChannel.swift; sourceTree = "<group>"; };
		AF19CA302AE6947600A42DFF /* ManagedCriticalState.swift */ = {isa = PBXFileReference; lastKnownFileType = sourcecode.swift; path = ManagedCriticalState.swift; sourceTree = "<group>"; };
		AF19CA342AE694E500A42DFF /* AsyncThrowingBufferedChannel.swift */ = {isa = PBXFileReference; lastKnownFileType = sourcecode.swift; path = AsyncThrowingBufferedChannel.swift; sourceTree = "<group>"; };
		AF19CA3B2AE6BFC300A42DFF /* DeviceApi.swift */ = {isa = PBXFileReference; lastKnownFileType = sourcecode.swift; path = DeviceApi.swift; sourceTree = "<group>"; };
		AF20ACFB2AE017B600D371C7 /* RemoteButtonAppEnum.swift */ = {isa = PBXFileReference; lastKnownFileType = sourcecode.swift; path = RemoteButtonAppEnum.swift; sourceTree = "<group>"; };
		AF27400B2AE02C25007C6208 /* RoamWidgets.appex */ = {isa = PBXFileReference; explicitFileType = "wrapper.app-extension"; includeInIndex = 0; path = RoamWidgets.appex; sourceTree = BUILT_PRODUCTS_DIR; };
		AF27400F2AE02C25007C6208 /* RoamWidgetsBundle.swift */ = {isa = PBXFileReference; lastKnownFileType = sourcecode.swift; path = RoamWidgetsBundle.swift; sourceTree = "<group>"; };
		AF2740172AE02C26007C6208 /* Info.plist */ = {isa = PBXFileReference; lastKnownFileType = text.plist.xml; path = Info.plist; sourceTree = "<group>"; };
		AF2740182AE02C26007C6208 /* RoamWidgets.entitlements */ = {isa = PBXFileReference; lastKnownFileType = text.plist.entitlements; path = RoamWidgets.entitlements; sourceTree = "<group>"; };
		AF35ACEA2BA3994200CC8B36 /* KeyboardMonitorUIKit.swift */ = {isa = PBXFileReference; fileEncoding = 4; lastKnownFileType = sourcecode.swift; path = KeyboardMonitorUIKit.swift; sourceTree = "<group>"; };
		AF35ACF12BA3D21F00CC8B36 /* PrivacyInfo.xcprivacy */ = {isa = PBXFileReference; lastKnownFileType = text.xml; path = PrivacyInfo.xcprivacy; sourceTree = "<group>"; };
		AF3AD5522AE28F7400E2D780 /* ButtonGrid.swift */ = {isa = PBXFileReference; lastKnownFileType = sourcecode.swift; path = ButtonGrid.swift; sourceTree = "<group>"; };
		AF3AD5542AE2910B00E2D780 /* CenterController.swift */ = {isa = PBXFileReference; lastKnownFileType = sourcecode.swift; path = CenterController.swift; sourceTree = "<group>"; };
		AF3AD5562AE2928600E2D780 /* TopBar.swift */ = {isa = PBXFileReference; lastKnownFileType = sourcecode.swift; path = TopBar.swift; sourceTree = "<group>"; };
		AF3AD5582AE2940A00E2D780 /* KeyboardMonitorAppKit.swift */ = {isa = PBXFileReference; lastKnownFileType = sourcecode.swift; path = KeyboardMonitorAppKit.swift; sourceTree = "<group>"; };
		AF3AD55A2AE2947E00E2D780 /* KeyboardEntry.swift */ = {isa = PBXFileReference; lastKnownFileType = sourcecode.swift; path = KeyboardEntry.swift; sourceTree = "<group>"; };
		AF3AD55C2AE299BD00E2D780 /* DevicePicker.swift */ = {isa = PBXFileReference; lastKnownFileType = sourcecode.swift; path = DevicePicker.swift; sourceTree = "<group>"; };
		AF3D62D62AE6F703006AB8E9 /* OpusDecoder.swift */ = {isa = PBXFileReference; lastKnownFileType = sourcecode.swift; path = OpusDecoder.swift; sourceTree = "<group>"; };
		AF4829722AD4C83D008E05FA /* Info.plist */ = {isa = PBXFileReference; lastKnownFileType = text.plist.xml; path = Info.plist; sourceTree = "<group>"; };
		AF4BBB742B8BF654009EB5BE /* docs */ = {isa = PBXFileReference; lastKnownFileType = folder; path = docs; sourceTree = "<group>"; };
		AF56E3B02AD97AB100F5E6E0 /* AppLink.swift */ = {isa = PBXFileReference; lastKnownFileType = sourcecode.swift; path = AppLink.swift; sourceTree = "<group>"; };
		AF5B16E32AD5D5BB00053BDC /* AudioPlayer.swift */ = {isa = PBXFileReference; lastKnownFileType = sourcecode.swift; path = AudioPlayer.swift; sourceTree = "<group>"; };
		AF5ED8D42AE984E9007DB2B8 /* WidgetColor.xcassets */ = {isa = PBXFileReference; lastKnownFileType = folder.assetcatalog; path = WidgetColor.xcassets; sourceTree = "<group>"; };
		AF5ED8D62AE985E1007DB2B8 /* AppListView.swift */ = {isa = PBXFileReference; lastKnownFileType = sourcecode.swift; path = AppListView.swift; sourceTree = "<group>"; };
		AF5ED8D92AE98607007DB2B8 /* ButtonGridView.swift */ = {isa = PBXFileReference; lastKnownFileType = sourcecode.swift; path = ButtonGridView.swift; sourceTree = "<group>"; };
		AF5ED8DB2AE987A3007DB2B8 /* RoamWatch.entitlements */ = {isa = PBXFileReference; lastKnownFileType = text.plist.entitlements; path = RoamWatch.entitlements; sourceTree = "<group>"; };
		AF5ED8DD2AE98C85007DB2B8 /* BindingExtensions.swift */ = {isa = PBXFileReference; lastKnownFileType = sourcecode.swift; path = BindingExtensions.swift; sourceTree = "<group>"; };
		AF5ED8E02AE98EE7007DB2B8 /* DevicePicker.swift */ = {isa = PBXFileReference; lastKnownFileType = sourcecode.swift; path = DevicePicker.swift; sourceTree = "<group>"; };
		AF5FDAD52ADB3C4B006CDEB3 /* Scanner.swift */ = {isa = PBXFileReference; lastKnownFileType = sourcecode.swift; path = Scanner.swift; sourceTree = "<group>"; };
		AF76B8152AD8A14600DF6FF7 /* RokuSession.swift */ = {isa = PBXFileReference; lastKnownFileType = sourcecode.swift; path = RokuSession.swift; sourceTree = "<group>"; };
		AF779BEF2BA4D82600231BC5 /* Badge.swift */ = {isa = PBXFileReference; lastKnownFileType = sourcecode.swift; path = Badge.swift; sourceTree = "<group>"; };
		AF779BF22BA4D91E00231BC5 /* CaptureScrollWheelModifier.swift */ = {isa = PBXFileReference; lastKnownFileType = sourcecode.swift; path = CaptureScrollWheelModifier.swift; sourceTree = "<group>"; };
		AF779BF42BA4D95D00231BC5 /* ViewExtensions.swift */ = {isa = PBXFileReference; lastKnownFileType = sourcecode.swift; path = ViewExtensions.swift; sourceTree = "<group>"; };
		AF779BF62BA4DDD000231BC5 /* WrappingHStack.swift */ = {isa = PBXFileReference; lastKnownFileType = sourcecode.swift; path = WrappingHStack.swift; sourceTree = "<group>"; };
		AF95B6F62ADF2F9F005FC338 /* README.md */ = {isa = PBXFileReference; fileEncoding = 4; lastKnownFileType = net.daringfireball.markdown; path = README.md; sourceTree = "<group>"; xcLanguageSpecificationIdentifier = xcode.lang.crashreport; };
		AF95B6FD2ADF2FEC005FC338 /* WidgetKit.framework */ = {isa = PBXFileReference; lastKnownFileType = wrapper.framework; name = WidgetKit.framework; path = /System/Library/Frameworks/WidgetKit.framework; sourceTree = "<absolute>"; };
		AF95B6FF2ADF2FEC005FC338 /* SwiftUI.framework */ = {isa = PBXFileReference; lastKnownFileType = wrapper.framework; name = SwiftUI.framework; path = /System/Library/Frameworks/SwiftUI.framework; sourceTree = "<absolute>"; };
		AF95B7132ADF304E005FC338 /* SmallRemoteWidget.swift */ = {isa = PBXFileReference; lastKnownFileType = sourcecode.swift; path = SmallRemoteWidget.swift; sourceTree = "<group>"; };
		AF95B7192ADF340A005FC338 /* WidgetHelpers.swift */ = {isa = PBXFileReference; lastKnownFileType = sourcecode.swift; path = WidgetHelpers.swift; sourceTree = "<group>"; };
		AF95B71D2ADF3BA7005FC338 /* MediumRemoteWidget.swift */ = {isa = PBXFileReference; lastKnownFileType = sourcecode.swift; path = MediumRemoteWidget.swift; sourceTree = "<group>"; };
		AF95B74F2ADF43FD005FC338 /* NetworkHelpers.swift */ = {isa = PBXFileReference; lastKnownFileType = sourcecode.swift; path = NetworkHelpers.swift; sourceTree = "<group>"; };
		AF95B7532ADF4435005FC338 /* DiscoveryActor.swift */ = {isa = PBXFileReference; lastKnownFileType = sourcecode.swift; path = DiscoveryActor.swift; sourceTree = "<group>"; };
		AF9FC8232B9F9C9500109268 /* scripts */ = {isa = PBXFileReference; lastKnownFileType = folder; path = scripts; sourceTree = "<group>"; };
		AFA165BF2AE92F92003F45ED /* AboutView.swift */ = {isa = PBXFileReference; lastKnownFileType = sourcecode.swift; path = AboutView.swift; sourceTree = "<group>"; };
		AFA165C12AE933D7003F45ED /* LICENSE-APACHE */ = {isa = PBXFileReference; lastKnownFileType = text; path = "LICENSE-APACHE"; sourceTree = "<group>"; };
		AFA165C22AE93401003F45ED /* LICENSE-MIT */ = {isa = PBXFileReference; lastKnownFileType = text; path = "LICENSE-MIT"; sourceTree = "<group>"; };
		AFA165C32AE93FE1003F45ED /* AppIcons */ = {isa = PBXFileReference; lastKnownFileType = folder; path = AppIcons; sourceTree = "<group>"; };
		AFA9F8982B1D29E000829B7C /* KeyboardShortcutPanel.swift */ = {isa = PBXFileReference; lastKnownFileType = sourcecode.swift; path = KeyboardShortcutPanel.swift; sourceTree = "<group>"; };
		AFC24EFB2AD0E5A1002AB66C /* Roam.app */ = {isa = PBXFileReference; explicitFileType = wrapper.application; includeInIndex = 0; path = Roam.app; sourceTree = BUILT_PRODUCTS_DIR; };
		AFC24EFE2AD0E5A1002AB66C /* RoamApp.swift */ = {isa = PBXFileReference; lastKnownFileType = sourcecode.swift; path = RoamApp.swift; sourceTree = "<group>"; };
		AFC24F042AD0E5A2002AB66C /* AppIcon.xcassets */ = {isa = PBXFileReference; lastKnownFileType = folder.assetcatalog; path = AppIcon.xcassets; sourceTree = "<group>"; };
		AFC24F092AD0E5A2002AB66C /* Roam.entitlements */ = {isa = PBXFileReference; lastKnownFileType = text.plist.entitlements; path = Roam.entitlements; sourceTree = "<group>"; };
		AFC4A6592AE88411005DAC6C /* LatencyListener.swift */ = {isa = PBXFileReference; lastKnownFileType = sourcecode.swift; path = LatencyListener.swift; sourceTree = "<group>"; };
		AFC4A65B2AE8AABA005DAC6C /* AppWidget.swift */ = {isa = PBXFileReference; lastKnownFileType = sourcecode.swift; path = AppWidget.swift; sourceTree = "<group>"; };
		AFC4A65E2AE8AF3F005DAC6C /* DataImage.swift */ = {isa = PBXFileReference; lastKnownFileType = sourcecode.swift; path = DataImage.swift; sourceTree = "<group>"; };
		AFC6E67E2ADCE5D80036EC90 /* AsyncSemaphore.swift */ = {isa = PBXFileReference; lastKnownFileType = sourcecode.swift; path = AsyncSemaphore.swift; sourceTree = "<group>"; };
		AFC6E6862ADDDE110036EC90 /* ButtonPressIntents.swift */ = {isa = PBXFileReference; lastKnownFileType = sourcecode.swift; path = ButtonPressIntents.swift; sourceTree = "<group>"; };
		AFC6E6872ADDDE110036EC90 /* DeviceAppEntity.swift */ = {isa = PBXFileReference; lastKnownFileType = sourcecode.swift; path = DeviceAppEntity.swift; sourceTree = "<group>"; };
		AFC6E68B2ADDDF450036EC90 /* RemoteButton.swift */ = {isa = PBXFileReference; lastKnownFileType = sourcecode.swift; path = RemoteButton.swift; sourceTree = "<group>"; };
		AFC6E68D2ADDE2BC0036EC90 /* AppLinkAppEntity.swift */ = {isa = PBXFileReference; lastKnownFileType = sourcecode.swift; path = AppLinkAppEntity.swift; sourceTree = "<group>"; };
		AFC6E68F2ADDE4AA0036EC90 /* LaunchAppIntent.swift */ = {isa = PBXFileReference; lastKnownFileType = sourcecode.swift; path = LaunchAppIntent.swift; sourceTree = "<group>"; };
		AFC6E6962ADDF6BB0036EC90 /* Intents.framework */ = {isa = PBXFileReference; lastKnownFileType = wrapper.framework; name = Intents.framework; path = System/Library/Frameworks/Intents.framework; sourceTree = SDKROOT; };
		AFC6E6A12ADDF6BC0036EC90 /* IntentsUI.framework */ = {isa = PBXFileReference; lastKnownFileType = wrapper.framework; name = IntentsUI.framework; path = System/Library/Frameworks/IntentsUI.framework; sourceTree = SDKROOT; };
		AFC6E6B72ADE28C80036EC90 /* Shortcuts.swift */ = {isa = PBXFileReference; lastKnownFileType = sourcecode.swift; path = Shortcuts.swift; sourceTree = "<group>"; };
		AFCF22DD2B2A52190048FFD9 /* NotificationBanner.swift */ = {isa = PBXFileReference; lastKnownFileType = sourcecode.swift; path = NotificationBanner.swift; sourceTree = "<group>"; };
		AFCF22DF2B2A6A720048FFD9 /* NetworkMonitor.swift */ = {isa = PBXFileReference; lastKnownFileType = sourcecode.swift; path = NetworkMonitor.swift; sourceTree = "<group>"; };
		AFD590CF2AEC673C00189620 /* WatchConnector.swift */ = {isa = PBXFileReference; lastKnownFileType = sourcecode.swift; path = WatchConnector.swift; sourceTree = "<group>"; };
		AFD590D12AEC692700189620 /* IPhoneConnector.swift */ = {isa = PBXFileReference; lastKnownFileType = sourcecode.swift; path = IPhoneConnector.swift; sourceTree = "<group>"; };
		AFD590D32AEC6B4600189620 /* WatchConnectivity.framework */ = {isa = PBXFileReference; lastKnownFileType = wrapper.framework; name = WatchConnectivity.framework; path = Platforms/iPhoneOS.platform/Developer/SDKs/iPhoneOS17.0.sdk/System/Library/Frameworks/WatchConnectivity.framework; sourceTree = DEVELOPER_DIR; };
		AFD590D52AEC787700189620 /* ModelContainer.swift */ = {isa = PBXFileReference; lastKnownFileType = sourcecode.swift; path = ModelContainer.swift; sourceTree = "<group>"; };
		AFD9C4DC2AE9800500C4079C /* SmallAppView.swift */ = {isa = PBXFileReference; lastKnownFileType = sourcecode.swift; path = SmallAppView.swift; sourceTree = "<group>"; };
		AFD9C4E02AE9802200C4079C /* SmallRemoteView.swift */ = {isa = PBXFileReference; lastKnownFileType = sourcecode.swift; path = SmallRemoteView.swift; sourceTree = "<group>"; };
		AFE89A2C2B9E793E0078387C /* Debugger.swift */ = {isa = PBXFileReference; lastKnownFileType = sourcecode.swift; path = Debugger.swift; sourceTree = "<group>"; };
		AFED42492AEE8F3B0023D684 /* VolumeListener.swift */ = {isa = PBXFileReference; lastKnownFileType = sourcecode.swift; path = VolumeListener.swift; sourceTree = "<group>"; };
		AFF607892AE0037900A7D657 /* WidgetIntents.swift */ = {isa = PBXFileReference; lastKnownFileType = sourcecode.swift; path = WidgetIntents.swift; sourceTree = "<group>"; };
		AFFC71E52AD1212100EE8EA0 /* RemoteView.swift */ = {isa = PBXFileReference; lastKnownFileType = sourcecode.swift; path = RemoteView.swift; sourceTree = "<group>"; };
		AFFED2502AD75EAF00357FA4 /* BinaryHeap.swift */ = {isa = PBXFileReference; lastKnownFileType = sourcecode.swift; path = BinaryHeap.swift; sourceTree = "<group>"; };
/* End PBXFileReference section */

/* Begin PBXFrameworksBuildPhase section */
		AF15C2432AE8672700B79FD9 /* Frameworks */ = {
			isa = PBXFrameworksBuildPhase;
			buildActionMask = 2147483647;
			files = (
				AF0042832AEAA3ED0051BB1E /* libwebp in Frameworks */,
				AFD9C4F52AE9830100C4079C /* XMLCoder in Frameworks */,
			);
			runOnlyForDeploymentPostprocessing = 0;
		};
		AF2740082AE02C25007C6208 /* Frameworks */ = {
			isa = PBXFrameworksBuildPhase;
			buildActionMask = 2147483647;
			files = (
				AF19CA3A2AE6BF9D00A42DFF /* XMLCoder in Frameworks */,
				AF27400D2AE02C25007C6208 /* SwiftUI.framework in Frameworks */,
				AF27400C2AE02C25007C6208 /* WidgetKit.framework in Frameworks */,
			);
			runOnlyForDeploymentPostprocessing = 0;
		};
		AFC24EF82AD0E5A1002AB66C /* Frameworks */ = {
			isa = PBXFrameworksBuildPhase;
			buildActionMask = 2147483647;
			files = (
				AFECDE202AE18519003F6676 /* RTP in Frameworks */,
				AF06AAD82BA3798E002C8FAF /* libwebp in Frameworks */,
				AFECDE1A2AE184FE003F6676 /* XMLCoder in Frameworks */,
				AFECDE1D2AE18511003F6676 /* Opus in Frameworks */,
				AF19CA212AE4536700A42DFF /* AsyncAlgorithms in Frameworks */,
			);
			runOnlyForDeploymentPostprocessing = 0;
		};
/* End PBXFrameworksBuildPhase section */

/* Begin PBXGroup section */
		AF0C82862AEB3AA500CBE7F8 /* Views */ = {
			isa = PBXGroup;
			children = (
				AFFC71E52AD1212100EE8EA0 /* RemoteView.swift */,
				AF3AD5522AE28F7400E2D780 /* ButtonGrid.swift */,
				AF3AD5542AE2910B00E2D780 /* CenterController.swift */,
				AF3AD5562AE2928600E2D780 /* TopBar.swift */,
				AF3AD55A2AE2947E00E2D780 /* KeyboardEntry.swift */,
				AF3AD55C2AE299BD00E2D780 /* DevicePicker.swift */,
				AFA9F8982B1D29E000829B7C /* KeyboardShortcutPanel.swift */,
				AFCF22DD2B2A52190048FFD9 /* NotificationBanner.swift */,
			);
			path = Views;
			sourceTree = "<group>";
		};
		AF15C2472AE8672700B79FD9 /* RoamWatch */ = {
			isa = PBXGroup;
			children = (
				AF5ED8DB2AE987A3007DB2B8 /* RoamWatch.entitlements */,
				AF15C2482AE8672700B79FD9 /* RoamWatchApp.swift */,
				AF5ED8E02AE98EE7007DB2B8 /* DevicePicker.swift */,
				AF5ED8D62AE985E1007DB2B8 /* AppListView.swift */,
				AF5ED8D92AE98607007DB2B8 /* ButtonGridView.swift */,
				AFD590D12AEC692700189620 /* IPhoneConnector.swift */,
			);
			path = RoamWatch;
			sourceTree = "<group>";
		};
		AF19CA252AE54AA800A42DFF /* Discovery */ = {
			isa = PBXGroup;
			children = (
				AF95B7532ADF4435005FC338 /* DiscoveryActor.swift */,
				AF19CA262AE54AB000A42DFF /* SSDP */,
				AF95B74E2ADF43B2005FC338 /* Scanning */,
			);
			path = Discovery;
			sourceTree = "<group>";
		};
		AF19CA262AE54AB000A42DFF /* SSDP */ = {
			isa = PBXGroup;
			children = (
				AF19CA272AE54ABC00A42DFF /* SSDPService.swift */,
				AF19CA2A2AE54AD100A42DFF /* SSDPDiscovery.swift */,
			);
			path = SSDP;
			sourceTree = "<group>";
		};
		AF19CA332AE694CE00A42DFF /* BufferedChannel */ = {
			isa = PBXGroup;
			children = (
				AF19CA302AE6947600A42DFF /* ManagedCriticalState.swift */,
				AF19CA2D2AE692E600A42DFF /* AsyncBufferedChannel.swift */,
				AF19CA342AE694E500A42DFF /* AsyncThrowingBufferedChannel.swift */,
			);
			path = BufferedChannel;
			sourceTree = "<group>";
		};
		AF27400E2AE02C25007C6208 /* RoamWidgets */ = {
			isa = PBXGroup;
			children = (
				AFD9C4DC2AE9800500C4079C /* SmallAppView.swift */,
				AFD9C4E02AE9802200C4079C /* SmallRemoteView.swift */,
				AF95B7192ADF340A005FC338 /* WidgetHelpers.swift */,
				AF95B7132ADF304E005FC338 /* SmallRemoteWidget.swift */,
				AFC4A65B2AE8AABA005DAC6C /* AppWidget.swift */,
				AF95B71D2ADF3BA7005FC338 /* MediumRemoteWidget.swift */,
				AF27400F2AE02C25007C6208 /* RoamWidgetsBundle.swift */,
				AF2740172AE02C26007C6208 /* Info.plist */,
				AF2740182AE02C26007C6208 /* RoamWidgets.entitlements */,
				AF0C82922AEBFA7500CBE7F8 /* StatelessDeviceAPI.swift */,
			);
			path = RoamWidgets;
			sourceTree = "<group>";
		};
		AF4D5F322AD4355E0055AF35 /* Frameworks */ = {
			isa = PBXGroup;
			children = (
				AFD590D32AEC6B4600189620 /* WatchConnectivity.framework */,
				AFC6E6962ADDF6BB0036EC90 /* Intents.framework */,
				AFC6E6A12ADDF6BC0036EC90 /* IntentsUI.framework */,
				AF95B6FD2ADF2FEC005FC338 /* WidgetKit.framework */,
				AF95B6FF2ADF2FEC005FC338 /* SwiftUI.framework */,
			);
			name = Frameworks;
			sourceTree = "<group>";
		};
		AF56E3AF2AD97AA300F5E6E0 /* Models */ = {
			isa = PBXGroup;
			children = (
				AF11D36C2AD2D41100527AF6 /* Device.swift */,
				AF56E3B02AD97AB100F5E6E0 /* AppLink.swift */,
				AFC6E68B2ADDDF450036EC90 /* RemoteButton.swift */,
			);
			path = Models;
			sourceTree = "<group>";
		};
		AF56E3BA2AD9863100F5E6E0 /* Views */ = {
			isa = PBXGroup;
			children = (
				AF3AD5582AE2940A00E2D780 /* KeyboardMonitorAppKit.swift */,
				AF35ACEA2BA3994200CC8B36 /* KeyboardMonitorUIKit.swift */,
				AF0C828B2AEB494D00CBE7F8 /* VolumeSliderView.swift */,
				AF11D36E2AD35D2800527AF6 /* SettingsView.swift */,
				AF11D36A2AD2D0B800527AF6 /* AppLinksView.swift */,
				AFC4A65E2AE8AF3F005DAC6C /* DataImage.swift */,
				AFA165BF2AE92F92003F45ED /* AboutView.swift */,
				AF5ED8DD2AE98C85007DB2B8 /* BindingExtensions.swift */,
				AF779BEF2BA4D82600231BC5 /* Badge.swift */,
				AF779BF22BA4D91E00231BC5 /* CaptureScrollWheelModifier.swift */,
				AF779BF42BA4D95D00231BC5 /* ViewExtensions.swift */,
				AF779BF62BA4DDD000231BC5 /* WrappingHStack.swift */,
			);
			path = Views;
			sourceTree = "<group>";
		};
		AF56E3BB2AD9865400F5E6E0 /* Utils */ = {
			isa = PBXGroup;
			children = (
				AF19CA132AE4471200A42DFF /* AsyncHelpers.swift */,
				AF95B74F2ADF43FD005FC338 /* NetworkHelpers.swift */,
				AF19CA222AE455B400A42DFF /* DataHelpers.swift */,
				AF0042742AE9BD8F0051BB1E /* UserDefaultKeys.swift */,
				AF0042842AEABA9D0051BB1E /* CollectionHelpers.swift */,
				AF0C82942AEBFB4600CBE7F8 /* APIHelpers.swift */,
				AFCF22DF2B2A6A720048FFD9 /* NetworkMonitor.swift */,
			);
			path = Utils;
			sourceTree = "<group>";
		};
		AF95B7372ADF3F9E005FC338 /* Shared */ = {
			isa = PBXGroup;
			children = (
				AFC24F042AD0E5A2002AB66C /* AppIcon.xcassets */,
				AF0C82872AEB44BF00CBE7F8 /* AccentColor.xcassets */,
				AF5ED8D42AE984E9007DB2B8 /* WidgetColor.xcassets */,
				AF56E3BA2AD9863100F5E6E0 /* Views */,
				AFF6077E2ADFAC4F00A7D657 /* Backend */,
				AFF6078C2AE005E400A7D657 /* Intents */,
				AF56E3AF2AD97AA300F5E6E0 /* Models */,
				AF56E3BB2AD9865400F5E6E0 /* Utils */,
				AFD590D52AEC787700189620 /* ModelContainer.swift */,
			);
			path = Shared;
			sourceTree = "<group>";
		};
		AF95B74D2ADF43A4005FC338 /* AudioPlayer */ = {
			isa = PBXGroup;
			children = (
				AF76B8152AD8A14600DF6FF7 /* RokuSession.swift */,
				AFFED2502AD75EAF00357FA4 /* BinaryHeap.swift */,
				AF5B16E32AD5D5BB00053BDC /* AudioPlayer.swift */,
				AF19CA1A2AE4510900A42DFF /* RTP.swift */,
				AF19CA1D2AE4517600A42DFF /* RTCP.swift */,
				AF3D62D62AE6F703006AB8E9 /* OpusDecoder.swift */,
				AF19CA332AE694CE00A42DFF /* BufferedChannel */,
			);
			path = AudioPlayer;
			sourceTree = "<group>";
		};
		AF95B74E2ADF43B2005FC338 /* Scanning */ = {
			isa = PBXGroup;
			children = (
				AFC6E67E2ADCE5D80036EC90 /* AsyncSemaphore.swift */,
				AF5FDAD52ADB3C4B006CDEB3 /* Scanner.swift */,
			);
			path = Scanning;
			sourceTree = "<group>";
		};
		AFC24EF22AD0E5A1002AB66C = {
			isa = PBXGroup;
			children = (
				AF9FC8232B9F9C9500109268 /* scripts */,
				AFA165C32AE93FE1003F45ED /* AppIcons */,
				AF95B6F62ADF2F9F005FC338 /* README.md */,
				AF4BBB742B8BF654009EB5BE /* docs */,
				AFA165C22AE93401003F45ED /* LICENSE-MIT */,
				AFA165C12AE933D7003F45ED /* LICENSE-APACHE */,
				AFC24EFD2AD0E5A1002AB66C /* Roam */,
				AF95B7372ADF3F9E005FC338 /* Shared */,
				AF27400E2AE02C25007C6208 /* RoamWidgets */,
				AF15C2472AE8672700B79FD9 /* RoamWatch */,
				AFC24EFC2AD0E5A1002AB66C /* Products */,
				AF4D5F322AD4355E0055AF35 /* Frameworks */,
			);
			sourceTree = "<group>";
		};
		AFC24EFC2AD0E5A1002AB66C /* Products */ = {
			isa = PBXGroup;
			children = (
				AFC24EFB2AD0E5A1002AB66C /* Roam.app */,
				AF27400B2AE02C25007C6208 /* RoamWidgets.appex */,
				AF15C2462AE8672700B79FD9 /* Roam.app */,
			);
			name = Products;
			sourceTree = "<group>";
		};
		AFC24EFD2AD0E5A1002AB66C /* Roam */ = {
			isa = PBXGroup;
			children = (
				AFC24EFE2AD0E5A1002AB66C /* RoamApp.swift */,
				AFC4A6592AE88411005DAC6C /* LatencyListener.swift */,
				AFD590CF2AEC673C00189620 /* WatchConnector.swift */,
				AF0C82862AEB3AA500CBE7F8 /* Views */,
				AF95B74D2ADF43A4005FC338 /* AudioPlayer */,
				AF4829722AD4C83D008E05FA /* Info.plist */,
				AFC24F092AD0E5A2002AB66C /* Roam.entitlements */,
				AFED42492AEE8F3B0023D684 /* VolumeListener.swift */,
				AF35ACF12BA3D21F00CC8B36 /* PrivacyInfo.xcprivacy */,
			);
			path = Roam;
			sourceTree = "<group>";
		};
		AFF6077E2ADFAC4F00A7D657 /* Backend */ = {
			isa = PBXGroup;
			children = (
				AF19CA252AE54AA800A42DFF /* Discovery */,
				AF19CA3B2AE6BFC300A42DFF /* DeviceApi.swift */,
				AF0C828F2AEBF2A200CBE7F8 /* ECPSession.swift */,
				AFE89A2C2B9E793E0078387C /* Debugger.swift */,
			);
			path = Backend;
			sourceTree = "<group>";
		};
		AFF6078C2AE005E400A7D657 /* Intents */ = {
			isa = PBXGroup;
			children = (
				AFF607892AE0037900A7D657 /* WidgetIntents.swift */,
				AFC6E6B72ADE28C80036EC90 /* Shortcuts.swift */,
				AFC6E6872ADDDE110036EC90 /* DeviceAppEntity.swift */,
				AFC6E68D2ADDE2BC0036EC90 /* AppLinkAppEntity.swift */,
				AFC6E6862ADDDE110036EC90 /* ButtonPressIntents.swift */,
				AFC6E68F2ADDE4AA0036EC90 /* LaunchAppIntent.swift */,
				AF20ACFB2AE017B600D371C7 /* RemoteButtonAppEnum.swift */,
			);
			path = Intents;
			sourceTree = "<group>";
		};
/* End PBXGroup section */

/* Begin PBXNativeTarget section */
		AF15C2452AE8672700B79FD9 /* RoamWatch */ = {
			isa = PBXNativeTarget;
			buildConfigurationList = AF15C2542AE8672800B79FD9 /* Build configuration list for PBXNativeTarget "RoamWatch" */;
			buildPhases = (
				AF15C2422AE8672700B79FD9 /* Sources */,
				AF15C2432AE8672700B79FD9 /* Frameworks */,
				AF15C2442AE8672700B79FD9 /* Resources */,
			);
			buildRules = (
			);
			dependencies = (
			);
			name = RoamWatch;
			packageProductDependencies = (
				AFD9C4F42AE9830100C4079C /* XMLCoder */,
				AF0042822AEAA3ED0051BB1E /* libwebp */,
			);
			productName = "RoamWatch Watch App";
			productReference = AF15C2462AE8672700B79FD9 /* Roam.app */;
			productType = "com.apple.product-type.application";
		};
		AF27400A2AE02C25007C6208 /* RoamWidgets */ = {
			isa = PBXNativeTarget;
			buildConfigurationList = AF27401E2AE02C27007C6208 /* Build configuration list for PBXNativeTarget "RoamWidgets" */;
			buildPhases = (
				AF2740072AE02C25007C6208 /* Sources */,
				AF2740082AE02C25007C6208 /* Frameworks */,
				AF2740092AE02C25007C6208 /* Resources */,
			);
			buildRules = (
			);
			dependencies = (
			);
			name = RoamWidgets;
			packageProductDependencies = (
				AF19CA392AE6BF9D00A42DFF /* XMLCoder */,
			);
			productName = BetterRemoteWidgetsExtension;
			productReference = AF27400B2AE02C25007C6208 /* RoamWidgets.appex */;
			productType = "com.apple.product-type.app-extension";
		};
		AFC24EFA2AD0E5A1002AB66C /* Roam */ = {
			isa = PBXNativeTarget;
			buildConfigurationList = AFC24F222AD0E5A3002AB66C /* Build configuration list for PBXNativeTarget "Roam" */;
			buildPhases = (
				AFC24EF72AD0E5A1002AB66C /* Sources */,
				AFC24EF82AD0E5A1002AB66C /* Frameworks */,
				AFC24EF92AD0E5A1002AB66C /* Resources */,
				AFC6E6B62ADDF6BC0036EC90 /* Embed Foundation Extensions */,
				AF95B7302ADF3F5A005FC338 /* Embed Frameworks */,
				AFA079CE2AE02352003E2754 /* Embed ExtensionKit Extensions */,
				AF15C2572AE8672800B79FD9 /* Embed Watch Content */,
			);
			buildRules = (
			);
			dependencies = (
				AF27401A2AE02C26007C6208 /* PBXTargetDependency */,
				AF15C2522AE8672800B79FD9 /* PBXTargetDependency */,
			);
			name = Roam;
			packageProductDependencies = (
				AFECDE192AE184FE003F6676 /* XMLCoder */,
				AFECDE1C2AE18511003F6676 /* Opus */,
				AFECDE1F2AE18519003F6676 /* RTP */,
				AF19CA202AE4536700A42DFF /* AsyncAlgorithms */,
				AF06AAD72BA3798E002C8FAF /* libwebp */,
			);
			productName = BetterRemote;
			productReference = AFC24EFB2AD0E5A1002AB66C /* Roam.app */;
			productType = "com.apple.product-type.application";
		};
/* End PBXNativeTarget section */

/* Begin PBXProject section */
		AFC24EF32AD0E5A1002AB66C /* Project object */ = {
			isa = PBXProject;
			attributes = {
				BuildIndependentTargetsInParallel = 1;
				LastSwiftUpdateCheck = 1500;
				LastUpgradeCheck = 1510;
				TargetAttributes = {
					AF15C2452AE8672700B79FD9 = {
						CreatedOnToolsVersion = 15.0.1;
					};
					AF27400A2AE02C25007C6208 = {
						CreatedOnToolsVersion = 15.0;
					};
					AFC24EFA2AD0E5A1002AB66C = {
						CreatedOnToolsVersion = 15.0;
					};
				};
			};
			buildConfigurationList = AFC24EF62AD0E5A1002AB66C /* Build configuration list for PBXProject "Roam" */;
			compatibilityVersion = "Xcode 15.3";
			developmentRegion = en;
			hasScannedForEncodings = 0;
			knownRegions = (
				en,
				Base,
			);
			mainGroup = AFC24EF22AD0E5A1002AB66C;
			packageReferences = (
				AFECDE182AE184FE003F6676 /* XCRemoteSwiftPackageReference "XMLCoder" */,
				AFECDE1B2AE18511003F6676 /* XCRemoteSwiftPackageReference "swift-opus" */,
				AFECDE1E2AE18519003F6676 /* XCRemoteSwiftPackageReference "swift-rtp" */,
				AF19CA192AE44B1900A42DFF /* XCRemoteSwiftPackageReference "swift-async-algorithms" */,
				AF0042812AEAA3ED0051BB1E /* XCRemoteSwiftPackageReference "libwebp-Xcode" */,
			);
			productRefGroup = AFC24EFC2AD0E5A1002AB66C /* Products */;
			projectDirPath = "";
			projectRoot = "";
			targets = (
				AFC24EFA2AD0E5A1002AB66C /* Roam */,
				AF15C2452AE8672700B79FD9 /* RoamWatch */,
				AF27400A2AE02C25007C6208 /* RoamWidgets */,
			);
		};
/* End PBXProject section */

/* Begin PBXResourcesBuildPhase section */
		AF15C2442AE8672700B79FD9 /* Resources */ = {
			isa = PBXResourcesBuildPhase;
			buildActionMask = 2147483647;
			files = (
				AF35ACF32BA3D6B300CC8B36 /* PrivacyInfo.xcprivacy in Resources */,
				AFC4A6582AE867A3005DAC6C /* AppIcon.xcassets in Resources */,
				AF0C82892AEB463300CBE7F8 /* AccentColor.xcassets in Resources */,
			);
			runOnlyForDeploymentPostprocessing = 0;
		};
		AF2740092AE02C25007C6208 /* Resources */ = {
			isa = PBXResourcesBuildPhase;
			buildActionMask = 2147483647;
			files = (
				AF5ED8D52AE984E9007DB2B8 /* WidgetColor.xcassets in Resources */,
				AF0C828A2AEB463400CBE7F8 /* AccentColor.xcassets in Resources */,
			);
			runOnlyForDeploymentPostprocessing = 0;
		};
		AFC24EF92AD0E5A1002AB66C /* Resources */ = {
			isa = PBXResourcesBuildPhase;
			buildActionMask = 2147483647;
			files = (
				AF35ACF22BA3D6B200CC8B36 /* PrivacyInfo.xcprivacy in Resources */,
				AF0C82882AEB44C000CBE7F8 /* AccentColor.xcassets in Resources */,
				AFC24F052AD0E5A2002AB66C /* AppIcon.xcassets in Resources */,
			);
			runOnlyForDeploymentPostprocessing = 0;
		};
/* End PBXResourcesBuildPhase section */

/* Begin PBXSourcesBuildPhase section */
		AF15C2422AE8672700B79FD9 /* Sources */ = {
			isa = PBXSourcesBuildPhase;
			buildActionMask = 2147483647;
			files = (
				AFE89A2E2B9EBBD30078387C /* Debugger.swift in Sources */,
				AFD9C4FA2AE983B300C4079C /* SSDPDiscovery.swift in Sources */,
				AF0042862AEABA9D0051BB1E /* CollectionHelpers.swift in Sources */,
				AF5ED8DF2AE98C85007DB2B8 /* BindingExtensions.swift in Sources */,
				AFD9C4E72AE980A800C4079C /* LaunchAppIntent.swift in Sources */,
				AFD9C4E92AE980B200C4079C /* RemoteButton.swift in Sources */,
				AFD9C4DB2AE97FE100C4079C /* AboutView.swift in Sources */,
				AF0C82962AEBFB4600CBE7F8 /* APIHelpers.swift in Sources */,
				AF5ED8E52AE99D95007DB2B8 /* ButtonGridView.swift in Sources */,
				AF779BF82BA4DE2200231BC5 /* WrappingHStack.swift in Sources */,
				AFD9C4F32AE982E400C4079C /* DiscoveryActor.swift in Sources */,
				AFD9C4FB2AE983BF00C4079C /* DeviceApi.swift in Sources */,
				AFD9C4EC2AE980BF00C4079C /* NetworkHelpers.swift in Sources */,
				AFD9C4F82AE983A800C4079C /* Scanner.swift in Sources */,
				AFD9C4DA2AE97FDA00C4079C /* SettingsView.swift in Sources */,
				AF0042762AE9BD8F0051BB1E /* UserDefaultKeys.swift in Sources */,
				AFD9C4E42AE9809900C4079C /* AppLinkAppEntity.swift in Sources */,
				AFD9C4F92AE983AE00C4079C /* SSDPService.swift in Sources */,
				AF15C2492AE8672700B79FD9 /* RoamWatchApp.swift in Sources */,
				AFD9C4D92AE97FA600C4079C /* Device.swift in Sources */,
				AFD9C4EA2AE980B500C4079C /* AppLink.swift in Sources */,
				AFD590D72AEC787700189620 /* ModelContainer.swift in Sources */,
				AF779BF12BA4D82600231BC5 /* Badge.swift in Sources */,
				AFD9C4ED2AE980C300C4079C /* DataHelpers.swift in Sources */,
				AF0C82982AEBFBD500CBE7F8 /* StatelessDeviceAPI.swift in Sources */,
				AF5ED8E32AE992D1007DB2B8 /* AppListView.swift in Sources */,
				AFD9C4EB2AE980BD00C4079C /* AsyncHelpers.swift in Sources */,
				AFD9C4FC2AE983C700C4079C /* AsyncSemaphore.swift in Sources */,
				AF0C82A82AEC0C2C00CBE7F8 /* Shortcuts.swift in Sources */,
				AFD9C4E32AE9808E00C4079C /* DeviceAppEntity.swift in Sources */,
				AFD9C4E82AE980AA00C4079C /* RemoteButtonAppEnum.swift in Sources */,
				AF5ED8E12AE98EE7007DB2B8 /* DevicePicker.swift in Sources */,
				AFD9C4E62AE980A500C4079C /* ButtonPressIntents.swift in Sources */,
				AFD9C4E52AE980A000C4079C /* WidgetIntents.swift in Sources */,
				AFD590D22AEC692700189620 /* IPhoneConnector.swift in Sources */,
				AF00427D2AEA95D90051BB1E /* DataImage.swift in Sources */,
			);
			runOnlyForDeploymentPostprocessing = 0;
		};
		AF2740072AE02C25007C6208 /* Sources */ = {
			isa = PBXSourcesBuildPhase;
			buildActionMask = 2147483647;
			files = (
				AFD9C4F22AE9828600C4079C /* SmallRemoteView.swift in Sources */,
				AF205B272AE02D0100041CDF /* NetworkHelpers.swift in Sources */,
				AF205B2B2AE02D1C00041CDF /* ButtonPressIntents.swift in Sources */,
				AFD9C4DF2AE9801400C4079C /* SmallAppView.swift in Sources */,
				AF205B1F2AE02CAF00041CDF /* MediumRemoteWidget.swift in Sources */,
				AF19CA3D2AE6BFDF00A42DFF /* DeviceApi.swift in Sources */,
				AF205B282AE02D0100041CDF /* AppLink.swift in Sources */,
				AF205B2A2AE02D1C00041CDF /* RemoteButtonAppEnum.swift in Sources */,
				AF205B212AE02CAF00041CDF /* SmallRemoteWidget.swift in Sources */,
				AF205B2C2AE02D1C00041CDF /* WidgetIntents.swift in Sources */,
				AF19CA242AE455B400A42DFF /* DataHelpers.swift in Sources */,
				AFC4A65C2AE8AABA005DAC6C /* AppWidget.swift in Sources */,
				AF2740102AE02C25007C6208 /* RoamWidgetsBundle.swift in Sources */,
				AFD590D82AEC787700189620 /* ModelContainer.swift in Sources */,
				AF205B2D2AE02D1C00041CDF /* DeviceAppEntity.swift in Sources */,
				AF205B202AE02CAF00041CDF /* WidgetHelpers.swift in Sources */,
				AF0042772AE9BD8F0051BB1E /* UserDefaultKeys.swift in Sources */,
				AFA9F8972B1B878600829B7C /* Shortcuts.swift in Sources */,
				AF0042872AEABA9F0051BB1E /* CollectionHelpers.swift in Sources */,
				AFC4A6602AE8AF3F005DAC6C /* DataImage.swift in Sources */,
				AF205B242AE02D0100041CDF /* RemoteButton.swift in Sources */,
				AF205B292AE02D1C00041CDF /* LaunchAppIntent.swift in Sources */,
				AF205B2E2AE02D1C00041CDF /* AppLinkAppEntity.swift in Sources */,
				AF0C82972AEBFB4600CBE7F8 /* APIHelpers.swift in Sources */,
				AFC4A65D2AE8AF16005DAC6C /* AppLinksView.swift in Sources */,
				AF0C82932AEBFA7500CBE7F8 /* StatelessDeviceAPI.swift in Sources */,
				AF842A5D2BA554E5005D52D2 /* CaptureScrollWheelModifier.swift in Sources */,
				AF19CA152AE4471200A42DFF /* AsyncHelpers.swift in Sources */,
				AF205B262AE02D0100041CDF /* Device.swift in Sources */,
			);
			runOnlyForDeploymentPostprocessing = 0;
		};
		AFC24EF72AD0E5A1002AB66C /* Sources */ = {
			isa = PBXSourcesBuildPhase;
			buildActionMask = 2147483647;
			files = (
				AF0C82952AEBFB4600CBE7F8 /* APIHelpers.swift in Sources */,
				AF19CA2B2AE54AD100A42DFF /* SSDPDiscovery.swift in Sources */,
				AF20AD0C2AE01E9100D371C7 /* AppLink.swift in Sources */,
				AF3AD5572AE2928600E2D780 /* TopBar.swift in Sources */,
				AFF6077F2ADFACBA00A7D657 /* AsyncSemaphore.swift in Sources */,
				AF3D62D72AE6F703006AB8E9 /* OpusDecoder.swift in Sources */,
				AFCF22DE2B2A52190048FFD9 /* NotificationBanner.swift in Sources */,
				AF19CA3C2AE6BFC400A42DFF /* DeviceApi.swift in Sources */,
				AF3AD55D2AE299BD00E2D780 /* DevicePicker.swift in Sources */,
				AF779BF02BA4D82600231BC5 /* Badge.swift in Sources */,
				AF779BF32BA4D91E00231BC5 /* CaptureScrollWheelModifier.swift in Sources */,
				AF3EEF972AE0206E00B661F3 /* BinaryHeap.swift in Sources */,
				AFED424A2AEE8F3B0023D684 /* VolumeListener.swift in Sources */,
				AFF607802ADFACBA00A7D657 /* Scanner.swift in Sources */,
				AF35ACEB2BA3994200CC8B36 /* KeyboardMonitorUIKit.swift in Sources */,
				AFA079DE2AE02561003E2754 /* LaunchAppIntent.swift in Sources */,
				AF0C82992AEBFBD500CBE7F8 /* StatelessDeviceAPI.swift in Sources */,
				AF19CA232AE455B400A42DFF /* DataHelpers.swift in Sources */,
				AFA079DA2AE02561003E2754 /* DeviceAppEntity.swift in Sources */,
				AF0042752AE9BD8F0051BB1E /* UserDefaultKeys.swift in Sources */,
				AF20AD0D2AE01E9100D371C7 /* Device.swift in Sources */,
				AF7BD44F2AE1789800F5E087 /* WidgetIntents.swift in Sources */,
				AF26A22B2AF1A2B90070250F /* SmallAppView.swift in Sources */,
				AFC4A65A2AE88411005DAC6C /* LatencyListener.swift in Sources */,
				AFA079DB2AE02561003E2754 /* ButtonPressIntents.swift in Sources */,
				AF779BF72BA4DDD000231BC5 /* WrappingHStack.swift in Sources */,
				AFE89A2D2B9E793E0078387C /* Debugger.swift in Sources */,
				AF19CA312AE6947600A42DFF /* ManagedCriticalState.swift in Sources */,
				AF3AD55B2AE2947E00E2D780 /* KeyboardEntry.swift in Sources */,
				AF5ED8DE2AE98C85007DB2B8 /* BindingExtensions.swift in Sources */,
				AF3AD5552AE2910B00E2D780 /* CenterController.swift in Sources */,
				AF0C82902AEBF2A200CBE7F8 /* ECPSession.swift in Sources */,
				AFD590D62AEC787700189620 /* ModelContainer.swift in Sources */,
				AFA079DF2AE0263F003E2754 /* Shortcuts.swift in Sources */,
				AFF607812ADFACBA00A7D657 /* DiscoveryActor.swift in Sources */,
				AF0C828C2AEB494D00CBE7F8 /* VolumeSliderView.swift in Sources */,
				AF19CA142AE4471200A42DFF /* AsyncHelpers.swift in Sources */,
				AFA165C02AE92F92003F45ED /* AboutView.swift in Sources */,
				AF3EEF962AE0206E00B661F3 /* RokuSession.swift in Sources */,
				AF95B76F2ADF5BA1005FC338 /* AppLinksView.swift in Sources */,
				AF19CA1E2AE4517600A42DFF /* RTCP.swift in Sources */,
				AFFC71E62AD1212100EE8EA0 /* RemoteView.swift in Sources */,
				AFCF22E02B2A6A720048FFD9 /* NetworkMonitor.swift in Sources */,
				AFA9F8992B1D29E000829B7C /* KeyboardShortcutPanel.swift in Sources */,
				AF19CA282AE54ABC00A42DFF /* SSDPService.swift in Sources */,
				AF11D36F2AD35D2800527AF6 /* SettingsView.swift in Sources */,
				AFA079DC2AE02561003E2754 /* RemoteButtonAppEnum.swift in Sources */,
				AFC4A65F2AE8AF3F005DAC6C /* DataImage.swift in Sources */,
				AF0042852AEABA9D0051BB1E /* CollectionHelpers.swift in Sources */,
				AF19CA352AE694E500A42DFF /* AsyncThrowingBufferedChannel.swift in Sources */,
				AFA079DD2AE02561003E2754 /* AppLinkAppEntity.swift in Sources */,
				AFD590D02AEC673C00189620 /* WatchConnector.swift in Sources */,
				AF20AD172AE01EDB00D371C7 /* RemoteButton.swift in Sources */,
				AF19CA1B2AE4510900A42DFF /* RTP.swift in Sources */,
				AF20AD142AE01ED100D371C7 /* NetworkHelpers.swift in Sources */,
				AFC24EFF2AD0E5A1002AB66C /* RoamApp.swift in Sources */,
				AF3AD5592AE2940A00E2D780 /* KeyboardMonitorAppKit.swift in Sources */,
				AF3AD5532AE28F7400E2D780 /* ButtonGrid.swift in Sources */,
				AF3EEF952AE0206E00B661F3 /* AudioPlayer.swift in Sources */,
				AF779BF52BA4D95D00231BC5 /* ViewExtensions.swift in Sources */,
				AF19CA2E2AE692E600A42DFF /* AsyncBufferedChannel.swift in Sources */,
			);
			runOnlyForDeploymentPostprocessing = 0;
		};
/* End PBXSourcesBuildPhase section */

/* Begin PBXTargetDependency section */
		AF15C2522AE8672800B79FD9 /* PBXTargetDependency */ = {
			isa = PBXTargetDependency;
			platformFilter = ios;
			target = AF15C2452AE8672700B79FD9 /* RoamWatch */;
			targetProxy = AF15C2512AE8672800B79FD9 /* PBXContainerItemProxy */;
		};
		AF27401A2AE02C26007C6208 /* PBXTargetDependency */ = {
			isa = PBXTargetDependency;
			platformFilters = (
				ios,
				macos,
			);
			target = AF27400A2AE02C25007C6208 /* RoamWidgets */;
			targetProxy = AF2740192AE02C26007C6208 /* PBXContainerItemProxy */;
		};
/* End PBXTargetDependency section */

/* Begin XCBuildConfiguration section */
		AF15C2552AE8672800B79FD9 /* Debug */ = {
			isa = XCBuildConfiguration;
			buildSettings = {
				ASSETCATALOG_COMPILER_APPICON_NAME = AppIcon;
				ASSETCATALOG_COMPILER_GLOBAL_ACCENT_COLOR_NAME = AccentColor;
				CODE_SIGN_ENTITLEMENTS = RoamWatch/RoamWatch.entitlements;
				CODE_SIGN_IDENTITY = "Apple Development";
				CODE_SIGN_STYLE = Automatic;
				CURRENT_PROJECT_VERSION = "$(CURRENT_PROJECT_VERSION)";
				DEVELOPMENT_ASSET_PATHS = "";
				DEVELOPMENT_TEAM = 2865NTZ7H3;
				ENABLE_PREVIEWS = YES;
				GENERATE_INFOPLIST_FILE = YES;
				INFOPLIST_KEY_UISupportedInterfaceOrientations = "UIInterfaceOrientationPortrait UIInterfaceOrientationPortraitUpsideDown";
				INFOPLIST_KEY_WKCompanionAppBundleIdentifier = com.msdrigg.roam;
				INFOPLIST_KEY_WKRunsIndependentlyOfCompanionApp = YES;
				LD_RUNPATH_SEARCH_PATHS = (
					"$(inherited)",
					"@executable_path/Frameworks",
				);
				MARKETING_VERSION = "$(MARKETING_VERSION)";
				PRODUCT_BUNDLE_IDENTIFIER = com.msdrigg.roam.watchkitapp;
				PRODUCT_NAME = Roam;
				SDKROOT = watchos;
				SKIP_INSTALL = YES;
				SWIFT_EMIT_LOC_STRINGS = YES;
				SWIFT_VERSION = 5.0;
				TARGETED_DEVICE_FAMILY = 4;
				WATCHOS_DEPLOYMENT_TARGET = 10.0;
			};
			name = Debug;
		};
		AF15C2562AE8672800B79FD9 /* Release */ = {
			isa = XCBuildConfiguration;
			buildSettings = {
				ASSETCATALOG_COMPILER_APPICON_NAME = AppIcon;
				ASSETCATALOG_COMPILER_GLOBAL_ACCENT_COLOR_NAME = AccentColor;
				CODE_SIGN_ENTITLEMENTS = RoamWatch/RoamWatch.entitlements;
				CODE_SIGN_IDENTITY = "Apple Development";
				CODE_SIGN_STYLE = Automatic;
				CURRENT_PROJECT_VERSION = "$(CURRENT_PROJECT_VERSION)";
				DEVELOPMENT_ASSET_PATHS = "";
				DEVELOPMENT_TEAM = 2865NTZ7H3;
				ENABLE_PREVIEWS = YES;
				GENERATE_INFOPLIST_FILE = YES;
				INFOPLIST_KEY_UISupportedInterfaceOrientations = "UIInterfaceOrientationPortrait UIInterfaceOrientationPortraitUpsideDown";
				INFOPLIST_KEY_WKCompanionAppBundleIdentifier = com.msdrigg.roam;
				INFOPLIST_KEY_WKRunsIndependentlyOfCompanionApp = YES;
				LD_RUNPATH_SEARCH_PATHS = (
					"$(inherited)",
					"@executable_path/Frameworks",
				);
				MARKETING_VERSION = "$(MARKETING_VERSION)";
				PRODUCT_BUNDLE_IDENTIFIER = com.msdrigg.roam.watchkitapp;
				PRODUCT_NAME = Roam;
				SDKROOT = watchos;
				SKIP_INSTALL = YES;
				SWIFT_EMIT_LOC_STRINGS = YES;
				SWIFT_VERSION = 5.0;
				TARGETED_DEVICE_FAMILY = 4;
				VALIDATE_PRODUCT = YES;
				WATCHOS_DEPLOYMENT_TARGET = 10.0;
			};
			name = Release;
		};
		AF27401C2AE02C27007C6208 /* Debug */ = {
			isa = XCBuildConfiguration;
			buildSettings = {
				ASSETCATALOG_COMPILER_GLOBAL_ACCENT_COLOR_NAME = AccentColor;
				ASSETCATALOG_COMPILER_WIDGET_BACKGROUND_COLOR_NAME = WidgetBackground;
				CODE_SIGN_ENTITLEMENTS = RoamWidgets/RoamWidgets.entitlements;
				CODE_SIGN_IDENTITY = "Apple Development";
				CODE_SIGN_STYLE = Automatic;
				CURRENT_PROJECT_VERSION = "$(CURRENT_PROJECT_VERSION)";
				DEAD_CODE_STRIPPING = YES;
				DEVELOPMENT_TEAM = 2865NTZ7H3;
				ENABLE_HARDENED_RUNTIME = YES;
				GENERATE_INFOPLIST_FILE = YES;
				INFOPLIST_FILE = RoamWidgets/Info.plist;
				INFOPLIST_KEY_CFBundleDisplayName = RoamWidgets;
				INFOPLIST_KEY_NSHumanReadableCopyright = "";
				IPHONEOS_DEPLOYMENT_TARGET = 17.0;
				LD_RUNPATH_SEARCH_PATHS = (
					"$(inherited)",
					"@executable_path/Frameworks",
					"@executable_path/../../Frameworks",
				);
				"LD_RUNPATH_SEARCH_PATHS[sdk=macosx*]" = (
					"$(inherited)",
					"@executable_path/../Frameworks",
					"@executable_path/../../../../Frameworks",
				);
				MACOSX_DEPLOYMENT_TARGET = 14.0;
				MARKETING_VERSION = "$(MARKETING_VERSION)";
				PRODUCT_BUNDLE_IDENTIFIER = com.msdrigg.roam.RoamWidgets;
				PRODUCT_NAME = "$(TARGET_NAME)";
				SDKROOT = auto;
				SKIP_INSTALL = YES;
				SUPPORTED_PLATFORMS = "iphoneos iphonesimulator macosx";
				SUPPORTS_MACCATALYST = NO;
				SWIFT_EMIT_LOC_STRINGS = YES;
				SWIFT_VERSION = 5.0;
				TARGETED_DEVICE_FAMILY = "1,2";
			};
			name = Debug;
		};
		AF27401D2AE02C27007C6208 /* Release */ = {
			isa = XCBuildConfiguration;
			buildSettings = {
				ASSETCATALOG_COMPILER_GLOBAL_ACCENT_COLOR_NAME = AccentColor;
				ASSETCATALOG_COMPILER_WIDGET_BACKGROUND_COLOR_NAME = WidgetBackground;
				CODE_SIGN_ENTITLEMENTS = RoamWidgets/RoamWidgets.entitlements;
				CODE_SIGN_IDENTITY = "Apple Development";
				CODE_SIGN_STYLE = Automatic;
				CURRENT_PROJECT_VERSION = "$(CURRENT_PROJECT_VERSION)";
				DEAD_CODE_STRIPPING = YES;
				DEVELOPMENT_TEAM = 2865NTZ7H3;
				ENABLE_HARDENED_RUNTIME = YES;
				GENERATE_INFOPLIST_FILE = YES;
				INFOPLIST_FILE = RoamWidgets/Info.plist;
				INFOPLIST_KEY_CFBundleDisplayName = RoamWidgets;
				INFOPLIST_KEY_NSHumanReadableCopyright = "";
				IPHONEOS_DEPLOYMENT_TARGET = 17.0;
				LD_RUNPATH_SEARCH_PATHS = (
					"$(inherited)",
					"@executable_path/Frameworks",
					"@executable_path/../../Frameworks",
				);
				"LD_RUNPATH_SEARCH_PATHS[sdk=macosx*]" = (
					"$(inherited)",
					"@executable_path/../Frameworks",
					"@executable_path/../../../../Frameworks",
				);
				MACOSX_DEPLOYMENT_TARGET = 14.0;
				MARKETING_VERSION = "$(MARKETING_VERSION)";
				PRODUCT_BUNDLE_IDENTIFIER = com.msdrigg.roam.RoamWidgets;
				PRODUCT_NAME = "$(TARGET_NAME)";
				SDKROOT = auto;
				SKIP_INSTALL = YES;
				SUPPORTED_PLATFORMS = "iphoneos iphonesimulator macosx";
				SUPPORTS_MACCATALYST = NO;
				SWIFT_EMIT_LOC_STRINGS = YES;
				SWIFT_VERSION = 5.0;
				TARGETED_DEVICE_FAMILY = "1,2";
			};
			name = Release;
		};
		AFC24F202AD0E5A3002AB66C /* Debug */ = {
			isa = XCBuildConfiguration;
			buildSettings = {
				ALWAYS_SEARCH_USER_PATHS = NO;
				ASSETCATALOG_COMPILER_APPICON_NAME = "";
				ASSETCATALOG_COMPILER_GENERATE_SWIFT_ASSET_SYMBOL_EXTENSIONS = YES;
				CLANG_ANALYZER_NONNULL = YES;
				CLANG_ANALYZER_NUMBER_OBJECT_CONVERSION = YES_AGGRESSIVE;
				CLANG_CXX_LANGUAGE_STANDARD = "gnu++20";
				CLANG_ENABLE_MODULES = YES;
				CLANG_ENABLE_OBJC_ARC = YES;
				CLANG_ENABLE_OBJC_WEAK = YES;
				CLANG_WARN_BLOCK_CAPTURE_AUTORELEASING = YES;
				CLANG_WARN_BOOL_CONVERSION = YES;
				CLANG_WARN_COMMA = YES;
				CLANG_WARN_CONSTANT_CONVERSION = YES;
				CLANG_WARN_DEPRECATED_OBJC_IMPLEMENTATIONS = YES;
				CLANG_WARN_DIRECT_OBJC_ISA_USAGE = YES_ERROR;
				CLANG_WARN_DOCUMENTATION_COMMENTS = YES;
				CLANG_WARN_EMPTY_BODY = YES;
				CLANG_WARN_ENUM_CONVERSION = YES;
				CLANG_WARN_INFINITE_RECURSION = YES;
				CLANG_WARN_INT_CONVERSION = YES;
				CLANG_WARN_NON_LITERAL_NULL_CONVERSION = YES;
				CLANG_WARN_OBJC_IMPLICIT_RETAIN_SELF = YES;
				CLANG_WARN_OBJC_LITERAL_CONVERSION = YES;
				CLANG_WARN_OBJC_ROOT_CLASS = YES_ERROR;
				CLANG_WARN_QUOTED_INCLUDE_IN_FRAMEWORK_HEADER = YES;
				CLANG_WARN_RANGE_LOOP_ANALYSIS = YES;
				CLANG_WARN_STRICT_PROTOTYPES = YES;
				CLANG_WARN_SUSPICIOUS_MOVE = YES;
				CLANG_WARN_UNGUARDED_AVAILABILITY = YES_AGGRESSIVE;
				CLANG_WARN_UNREACHABLE_CODE = YES;
				CLANG_WARN__DUPLICATE_METHOD_MATCH = YES;
				COPY_PHASE_STRIP = NO;
				CURRENT_PROJECT_VERSION = 20240315.0486910.0;
				DEAD_CODE_STRIPPING = YES;
				DEBUG_INFORMATION_FORMAT = dwarf;
				EMBED_ASSET_PACKS_IN_PRODUCT_BUNDLE = NO;
				ENABLE_STRICT_OBJC_MSGSEND = YES;
				ENABLE_TESTABILITY = YES;
				ENABLE_USER_SCRIPT_SANDBOXING = YES;
				GCC_C_LANGUAGE_STANDARD = gnu17;
				GCC_DYNAMIC_NO_PIC = NO;
				GCC_NO_COMMON_BLOCKS = YES;
				GCC_OPTIMIZATION_LEVEL = 0;
				GCC_PREPROCESSOR_DEFINITIONS = (
					"DEBUG=1",
					"$(inherited)",
				);
				GCC_WARN_64_TO_32_BIT_CONVERSION = YES;
				GCC_WARN_ABOUT_RETURN_TYPE = YES_ERROR;
				GCC_WARN_UNDECLARED_SELECTOR = YES;
				GCC_WARN_UNINITIALIZED_AUTOS = YES_AGGRESSIVE;
				GCC_WARN_UNUSED_FUNCTION = YES;
				GCC_WARN_UNUSED_VARIABLE = YES;
				IPHONEOS_DEPLOYMENT_TARGET = 17.0;
				LOCALIZATION_PREFERS_STRING_CATALOGS = YES;
				MACOSX_DEPLOYMENT_TARGET = 14.0;
				MARKETING_VERSION = 1.20;
				MTL_ENABLE_DEBUG_INFO = INCLUDE_SOURCE;
				MTL_FAST_MATH = YES;
				ONLY_ACTIVE_ARCH = YES;
				SDKROOT = auto;
				SWIFT_ACTIVE_COMPILATION_CONDITIONS = "DEBUG $(inherited)";
				SWIFT_OPTIMIZATION_LEVEL = "-Onone";
				TVOS_DEPLOYMENT_TARGET = 17.0;
				WATCHOS_DEPLOYMENT_TARGET = 10.0;
				XROS_DEPLOYMENT_TARGET = 1.0;
			};
			name = Debug;
		};
		AFC24F212AD0E5A3002AB66C /* Release */ = {
			isa = XCBuildConfiguration;
			buildSettings = {
				ALWAYS_SEARCH_USER_PATHS = NO;
				ASSETCATALOG_COMPILER_APPICON_NAME = "";
				ASSETCATALOG_COMPILER_GENERATE_SWIFT_ASSET_SYMBOL_EXTENSIONS = YES;
				CLANG_ANALYZER_NONNULL = YES;
				CLANG_ANALYZER_NUMBER_OBJECT_CONVERSION = YES_AGGRESSIVE;
				CLANG_CXX_LANGUAGE_STANDARD = "gnu++20";
				CLANG_ENABLE_MODULES = YES;
				CLANG_ENABLE_OBJC_ARC = YES;
				CLANG_ENABLE_OBJC_WEAK = YES;
				CLANG_WARN_BLOCK_CAPTURE_AUTORELEASING = YES;
				CLANG_WARN_BOOL_CONVERSION = YES;
				CLANG_WARN_COMMA = YES;
				CLANG_WARN_CONSTANT_CONVERSION = YES;
				CLANG_WARN_DEPRECATED_OBJC_IMPLEMENTATIONS = YES;
				CLANG_WARN_DIRECT_OBJC_ISA_USAGE = YES_ERROR;
				CLANG_WARN_DOCUMENTATION_COMMENTS = YES;
				CLANG_WARN_EMPTY_BODY = YES;
				CLANG_WARN_ENUM_CONVERSION = YES;
				CLANG_WARN_INFINITE_RECURSION = YES;
				CLANG_WARN_INT_CONVERSION = YES;
				CLANG_WARN_NON_LITERAL_NULL_CONVERSION = YES;
				CLANG_WARN_OBJC_IMPLICIT_RETAIN_SELF = YES;
				CLANG_WARN_OBJC_LITERAL_CONVERSION = YES;
				CLANG_WARN_OBJC_ROOT_CLASS = YES_ERROR;
				CLANG_WARN_QUOTED_INCLUDE_IN_FRAMEWORK_HEADER = YES;
				CLANG_WARN_RANGE_LOOP_ANALYSIS = YES;
				CLANG_WARN_STRICT_PROTOTYPES = YES;
				CLANG_WARN_SUSPICIOUS_MOVE = YES;
				CLANG_WARN_UNGUARDED_AVAILABILITY = YES_AGGRESSIVE;
				CLANG_WARN_UNREACHABLE_CODE = YES;
				CLANG_WARN__DUPLICATE_METHOD_MATCH = YES;
				COPY_PHASE_STRIP = NO;
				CURRENT_PROJECT_VERSION = 20240315.0486910.0;
				DEAD_CODE_STRIPPING = YES;
				DEBUG_INFORMATION_FORMAT = "dwarf-with-dsym";
				EMBED_ASSET_PACKS_IN_PRODUCT_BUNDLE = NO;
				ENABLE_NS_ASSERTIONS = NO;
				ENABLE_STRICT_OBJC_MSGSEND = YES;
				ENABLE_USER_SCRIPT_SANDBOXING = YES;
				GCC_C_LANGUAGE_STANDARD = gnu17;
				GCC_NO_COMMON_BLOCKS = YES;
				GCC_WARN_64_TO_32_BIT_CONVERSION = YES;
				GCC_WARN_ABOUT_RETURN_TYPE = YES_ERROR;
				GCC_WARN_UNDECLARED_SELECTOR = YES;
				GCC_WARN_UNINITIALIZED_AUTOS = YES_AGGRESSIVE;
				GCC_WARN_UNUSED_FUNCTION = YES;
				GCC_WARN_UNUSED_VARIABLE = YES;
				IPHONEOS_DEPLOYMENT_TARGET = 17.0;
				LOCALIZATION_PREFERS_STRING_CATALOGS = YES;
				MACOSX_DEPLOYMENT_TARGET = 14.0;
				MARKETING_VERSION = 1.20;
				MTL_ENABLE_DEBUG_INFO = NO;
				MTL_FAST_MATH = YES;
				SDKROOT = auto;
				SWIFT_COMPILATION_MODE = wholemodule;
				TVOS_DEPLOYMENT_TARGET = 17.0;
				WATCHOS_DEPLOYMENT_TARGET = 10.0;
				XROS_DEPLOYMENT_TARGET = 1.0;
			};
			name = Release;
		};
		AFC24F232AD0E5A3002AB66C /* Debug */ = {
			isa = XCBuildConfiguration;
			buildSettings = {
				ALWAYS_EMBED_SWIFT_STANDARD_LIBRARIES = YES;
				ASSETCATALOG_COMPILER_APPICON_NAME = AppIcon;
				"ASSETCATALOG_COMPILER_APPICON_NAME[sdk=appletvos*]" = AppIconTVOS;
				"ASSETCATALOG_COMPILER_APPICON_NAME[sdk=appletvsimulator*]" = AppIconTVOS;
				"ASSETCATALOG_COMPILER_APPICON_NAME[sdk=xros*]" = AppIconVOS;
				"ASSETCATALOG_COMPILER_APPICON_NAME[sdk=xrsimulator*]" = AppIconVOS;
				ASSETCATALOG_COMPILER_GLOBAL_ACCENT_COLOR_NAME = AccentColor;
				ASSETCATALOG_COMPILER_INCLUDE_ALL_APPICON_ASSETS = YES;
				CODE_SIGN_ENTITLEMENTS = Roam/Roam.entitlements;
				CODE_SIGN_IDENTITY = "Apple Development";
				CODE_SIGN_STYLE = Automatic;
				COMBINE_HIDPI_IMAGES = YES;
				CURRENT_PROJECT_VERSION = "$(CURRENT_PROJECT_VERSION)";
				DEVELOPMENT_ASSET_PATHS = "";
				DEVELOPMENT_TEAM = 2865NTZ7H3;
				"ENABLE_HARDENED_RUNTIME[sdk=macosx*]" = YES;
				ENABLE_PREVIEWS = YES;
				GENERATE_INFOPLIST_FILE = YES;
				INFOPLIST_FILE = Roam/Info.plist;
				INFOPLIST_KEY_CFBundleDisplayName = Roam;
				INFOPLIST_KEY_LSApplicationCategoryType = "public.app-category.utilities";
				INFOPLIST_KEY_NSHumanReadableCopyright = "";
				INFOPLIST_KEY_NSLocalNetworkUsageDescription = "We scan the network for roku devices and wake them using WOL";
				INFOPLIST_KEY_UILaunchScreen_Generation = YES;
				INFOPLIST_KEY_UISupportedInterfaceOrientations = "UIInterfaceOrientationLandscapeLeft UIInterfaceOrientationLandscapeRight UIInterfaceOrientationPortrait UIInterfaceOrientationPortraitUpsideDown";
				LD_RUNPATH_SEARCH_PATHS = (
					"$(inherited)",
					"@executable_path/../Frameworks",
				);
				MACOSX_DEPLOYMENT_TARGET = 14.0;
				MARKETING_VERSION = "$(MARKETING_VERSION)";
				PRODUCT_BUNDLE_IDENTIFIER = com.msdrigg.roam;
				PRODUCT_NAME = "$(TARGET_NAME)";
				PROVISIONING_PROFILE_SPECIFIER = "";
				SDKROOT = xros;
				SUPPORTED_PLATFORMS = "appletvos appletvsimulator iphoneos iphonesimulator macosx xros xrsimulator";
				SUPPORTS_MACCATALYST = NO;
				SUPPORTS_MAC_DESIGNED_FOR_IPHONE_IPAD = NO;
				SUPPORTS_XR_DESIGNED_FOR_IPHONE_IPAD = NO;
				SWIFT_EMIT_LOC_STRINGS = YES;
				SWIFT_VERSION = 5.0;
				TARGETED_DEVICE_FAMILY = "1,2,3,7";
			};
			name = Debug;
		};
		AFC24F242AD0E5A3002AB66C /* Release */ = {
			isa = XCBuildConfiguration;
			buildSettings = {
				ALWAYS_EMBED_SWIFT_STANDARD_LIBRARIES = YES;
				ASSETCATALOG_COMPILER_APPICON_NAME = AppIcon;
				"ASSETCATALOG_COMPILER_APPICON_NAME[sdk=appletvos*]" = AppIconTVOS;
				"ASSETCATALOG_COMPILER_APPICON_NAME[sdk=appletvsimulator*]" = AppIconTVOS;
				"ASSETCATALOG_COMPILER_APPICON_NAME[sdk=xros*]" = AppIconVOS;
				"ASSETCATALOG_COMPILER_APPICON_NAME[sdk=xrsimulator*]" = AppIconVOS;
				ASSETCATALOG_COMPILER_GLOBAL_ACCENT_COLOR_NAME = AccentColor;
				ASSETCATALOG_COMPILER_INCLUDE_ALL_APPICON_ASSETS = YES;
				CODE_SIGN_ENTITLEMENTS = Roam/Roam.entitlements;
				CODE_SIGN_IDENTITY = "Apple Development";
				CODE_SIGN_STYLE = Automatic;
				COMBINE_HIDPI_IMAGES = YES;
				CURRENT_PROJECT_VERSION = "$(CURRENT_PROJECT_VERSION)";
				DEVELOPMENT_ASSET_PATHS = "";
				DEVELOPMENT_TEAM = 2865NTZ7H3;
				"ENABLE_HARDENED_RUNTIME[sdk=macosx*]" = YES;
				ENABLE_PREVIEWS = YES;
				GENERATE_INFOPLIST_FILE = YES;
				INFOPLIST_FILE = Roam/Info.plist;
				INFOPLIST_KEY_CFBundleDisplayName = Roam;
				INFOPLIST_KEY_LSApplicationCategoryType = "public.app-category.utilities";
				INFOPLIST_KEY_NSHumanReadableCopyright = "";
				INFOPLIST_KEY_NSLocalNetworkUsageDescription = "We scan the network for roku devices and wake them using WOL";
				INFOPLIST_KEY_UILaunchScreen_Generation = YES;
				INFOPLIST_KEY_UISupportedInterfaceOrientations = "UIInterfaceOrientationLandscapeLeft UIInterfaceOrientationLandscapeRight UIInterfaceOrientationPortrait UIInterfaceOrientationPortraitUpsideDown";
				LD_RUNPATH_SEARCH_PATHS = (
					"$(inherited)",
					"@executable_path/../Frameworks",
				);
				MACOSX_DEPLOYMENT_TARGET = 14.0;
				MARKETING_VERSION = "$(MARKETING_VERSION)";
				PRODUCT_BUNDLE_IDENTIFIER = com.msdrigg.roam;
				PRODUCT_NAME = "$(TARGET_NAME)";
				PROVISIONING_PROFILE_SPECIFIER = "";
				SDKROOT = xros;
				SUPPORTED_PLATFORMS = "appletvos appletvsimulator iphoneos iphonesimulator macosx xros xrsimulator";
				SUPPORTS_MACCATALYST = NO;
				SUPPORTS_MAC_DESIGNED_FOR_IPHONE_IPAD = NO;
				SUPPORTS_XR_DESIGNED_FOR_IPHONE_IPAD = NO;
				SWIFT_EMIT_LOC_STRINGS = YES;
				SWIFT_VERSION = 5.0;
				TARGETED_DEVICE_FAMILY = "1,2,3,7";
			};
			name = Release;
		};
/* End XCBuildConfiguration section */

/* Begin XCConfigurationList section */
		AF15C2542AE8672800B79FD9 /* Build configuration list for PBXNativeTarget "RoamWatch" */ = {
			isa = XCConfigurationList;
			buildConfigurations = (
				AF15C2552AE8672800B79FD9 /* Debug */,
				AF15C2562AE8672800B79FD9 /* Release */,
			);
			defaultConfigurationIsVisible = 0;
			defaultConfigurationName = Release;
		};
		AF27401E2AE02C27007C6208 /* Build configuration list for PBXNativeTarget "RoamWidgets" */ = {
			isa = XCConfigurationList;
			buildConfigurations = (
				AF27401C2AE02C27007C6208 /* Debug */,
				AF27401D2AE02C27007C6208 /* Release */,
			);
			defaultConfigurationIsVisible = 0;
			defaultConfigurationName = Release;
		};
		AFC24EF62AD0E5A1002AB66C /* Build configuration list for PBXProject "Roam" */ = {
			isa = XCConfigurationList;
			buildConfigurations = (
				AFC24F202AD0E5A3002AB66C /* Debug */,
				AFC24F212AD0E5A3002AB66C /* Release */,
			);
			defaultConfigurationIsVisible = 0;
			defaultConfigurationName = Release;
		};
		AFC24F222AD0E5A3002AB66C /* Build configuration list for PBXNativeTarget "Roam" */ = {
			isa = XCConfigurationList;
			buildConfigurations = (
				AFC24F232AD0E5A3002AB66C /* Debug */,
				AFC24F242AD0E5A3002AB66C /* Release */,
			);
			defaultConfigurationIsVisible = 0;
			defaultConfigurationName = Release;
		};
/* End XCConfigurationList section */

/* Begin XCRemoteSwiftPackageReference section */
		AF0042812AEAA3ED0051BB1E /* XCRemoteSwiftPackageReference "libwebp-Xcode" */ = {
			isa = XCRemoteSwiftPackageReference;
			repositoryURL = "https://github.com/SDWebImage/libwebp-Xcode";
			requirement = {
				kind = upToNextMajorVersion;
				minimumVersion = 1.3.2;
			};
		};
		AF19CA192AE44B1900A42DFF /* XCRemoteSwiftPackageReference "swift-async-algorithms" */ = {
			isa = XCRemoteSwiftPackageReference;
			repositoryURL = "https://github.com/apple/swift-async-algorithms.git";
			requirement = {
				kind = upToNextMajorVersion;
				minimumVersion = 0.1.0;
			};
		};
		AFECDE182AE184FE003F6676 /* XCRemoteSwiftPackageReference "XMLCoder" */ = {
			isa = XCRemoteSwiftPackageReference;
			repositoryURL = "https://github.com/CoreOffice/XMLCoder.git";
			requirement = {
				kind = upToNextMajorVersion;
				minimumVersion = 0.17.1;
			};
		};
		AFECDE1B2AE18511003F6676 /* XCRemoteSwiftPackageReference "swift-opus" */ = {
			isa = XCRemoteSwiftPackageReference;
			repositoryURL = "https://github.com/alta/swift-opus";
			requirement = {
				kind = upToNextMajorVersion;
				minimumVersion = 0.0.2;
			};
		};
		AFECDE1E2AE18519003F6676 /* XCRemoteSwiftPackageReference "swift-rtp" */ = {
			isa = XCRemoteSwiftPackageReference;
			repositoryURL = "https://github.com/alta/swift-rtp";
			requirement = {
				branch = main;
				kind = branch;
			};
		};
/* End XCRemoteSwiftPackageReference section */

/* Begin XCSwiftPackageProductDependency section */
		AF0042822AEAA3ED0051BB1E /* libwebp */ = {
			isa = XCSwiftPackageProductDependency;
			package = AF0042812AEAA3ED0051BB1E /* XCRemoteSwiftPackageReference "libwebp-Xcode" */;
			productName = libwebp;
		};
		AF06AAD72BA3798E002C8FAF /* libwebp */ = {
			isa = XCSwiftPackageProductDependency;
			package = AF0042812AEAA3ED0051BB1E /* XCRemoteSwiftPackageReference "libwebp-Xcode" */;
			productName = libwebp;
		};
		AF19CA202AE4536700A42DFF /* AsyncAlgorithms */ = {
			isa = XCSwiftPackageProductDependency;
			package = AF19CA192AE44B1900A42DFF /* XCRemoteSwiftPackageReference "swift-async-algorithms" */;
			productName = AsyncAlgorithms;
		};
		AF19CA392AE6BF9D00A42DFF /* XMLCoder */ = {
			isa = XCSwiftPackageProductDependency;
			package = AFECDE182AE184FE003F6676 /* XCRemoteSwiftPackageReference "XMLCoder" */;
			productName = XMLCoder;
		};
		AFD9C4F42AE9830100C4079C /* XMLCoder */ = {
			isa = XCSwiftPackageProductDependency;
			package = AFECDE182AE184FE003F6676 /* XCRemoteSwiftPackageReference "XMLCoder" */;
			productName = XMLCoder;
		};
		AFECDE192AE184FE003F6676 /* XMLCoder */ = {
			isa = XCSwiftPackageProductDependency;
			package = AFECDE182AE184FE003F6676 /* XCRemoteSwiftPackageReference "XMLCoder" */;
			productName = XMLCoder;
		};
		AFECDE1C2AE18511003F6676 /* Opus */ = {
			isa = XCSwiftPackageProductDependency;
			package = AFECDE1B2AE18511003F6676 /* XCRemoteSwiftPackageReference "swift-opus" */;
			productName = Opus;
		};
		AFECDE1F2AE18519003F6676 /* RTP */ = {
			isa = XCSwiftPackageProductDependency;
			package = AFECDE1E2AE18519003F6676 /* XCRemoteSwiftPackageReference "swift-rtp" */;
			productName = RTP;
		};
/* End XCSwiftPackageProductDependency section */
	};
	rootObject = AFC24EF32AD0E5A1002AB66C /* Project object */;
}
