// !$*UTF8*$!
{
	archiveVersion = 1;
	classes = {
	};
	objectVersion = 60;
	objects = {

/* Begin PBXBuildFile section */
		AF11D36F2AD35D2800527AF6 /* SettingsView.swift in Sources */ = {isa = PBXBuildFile; fileRef = AF11D36E2AD35D2800527AF6 /* SettingsView.swift */; };
		AF205B1F2AE02CAF00041CDF /* MediumRemoteWidget.swift in Sources */ = {isa = PBXBuildFile; fileRef = AF95B71D2ADF3BA7005FC338 /* MediumRemoteWidget.swift */; };
		AF205B202AE02CAF00041CDF /* WidgetHelpers.swift in Sources */ = {isa = PBXBuildFile; fileRef = AF95B7192ADF340A005FC338 /* WidgetHelpers.swift */; };
		AF205B212AE02CAF00041CDF /* SmallRemoteWidget.swift in Sources */ = {isa = PBXBuildFile; fileRef = AF95B7132ADF304E005FC338 /* SmallRemoteWidget.swift */; };
		AF205B242AE02D0100041CDF /* RemoteButton.swift in Sources */ = {isa = PBXBuildFile; fileRef = AFC6E68B2ADDDF450036EC90 /* RemoteButton.swift */; };
		AF205B252AE02D0100041CDF /* DeviceControllerActor.swift in Sources */ = {isa = PBXBuildFile; fileRef = AF4D5F302AD435060055AF35 /* DeviceControllerActor.swift */; };
		AF205B262AE02D0100041CDF /* Device.swift in Sources */ = {isa = PBXBuildFile; fileRef = AF11D36C2AD2D41100527AF6 /* Device.swift */; };
		AF205B272AE02D0100041CDF /* NetworkHelpers.swift in Sources */ = {isa = PBXBuildFile; fileRef = AF95B74F2ADF43FD005FC338 /* NetworkHelpers.swift */; };
		AF205B282AE02D0100041CDF /* AppLink.swift in Sources */ = {isa = PBXBuildFile; fileRef = AF56E3B02AD97AB100F5E6E0 /* AppLink.swift */; };
		AF205B292AE02D1C00041CDF /* LaunchAppIntent.swift in Sources */ = {isa = PBXBuildFile; fileRef = AFC6E68F2ADDE4AA0036EC90 /* LaunchAppIntent.swift */; };
		AF205B2A2AE02D1C00041CDF /* RemoteButtonAppEnum.swift in Sources */ = {isa = PBXBuildFile; fileRef = AF20ACFB2AE017B600D371C7 /* RemoteButtonAppEnum.swift */; };
		AF205B2B2AE02D1C00041CDF /* ButtonPressIntents.swift in Sources */ = {isa = PBXBuildFile; fileRef = AFC6E6862ADDDE110036EC90 /* ButtonPressIntents.swift */; };
		AF205B2C2AE02D1C00041CDF /* WidgetIntents.swift in Sources */ = {isa = PBXBuildFile; fileRef = AFF607892AE0037900A7D657 /* WidgetIntents.swift */; };
		AF205B2D2AE02D1C00041CDF /* DeviceAppEntity.swift in Sources */ = {isa = PBXBuildFile; fileRef = AFC6E6872ADDDE110036EC90 /* DeviceAppEntity.swift */; };
		AF205B2E2AE02D1C00041CDF /* AppLinkAppEntity.swift in Sources */ = {isa = PBXBuildFile; fileRef = AFC6E68D2ADDE2BC0036EC90 /* AppLinkAppEntity.swift */; };
		AF20AD0C2AE01E9100D371C7 /* AppLink.swift in Sources */ = {isa = PBXBuildFile; fileRef = AF56E3B02AD97AB100F5E6E0 /* AppLink.swift */; };
		AF20AD0D2AE01E9100D371C7 /* Device.swift in Sources */ = {isa = PBXBuildFile; fileRef = AF11D36C2AD2D41100527AF6 /* Device.swift */; };
		AF20AD132AE01ED100D371C7 /* DeviceControllerActor.swift in Sources */ = {isa = PBXBuildFile; fileRef = AF4D5F302AD435060055AF35 /* DeviceControllerActor.swift */; };
		AF20AD142AE01ED100D371C7 /* NetworkHelpers.swift in Sources */ = {isa = PBXBuildFile; fileRef = AF95B74F2ADF43FD005FC338 /* NetworkHelpers.swift */; };
		AF20AD172AE01EDB00D371C7 /* RemoteButton.swift in Sources */ = {isa = PBXBuildFile; fileRef = AFC6E68B2ADDDF450036EC90 /* RemoteButton.swift */; };
		AF27400C2AE02C25007C6208 /* WidgetKit.framework in Frameworks */ = {isa = PBXBuildFile; fileRef = AF95B6FD2ADF2FEC005FC338 /* WidgetKit.framework */; };
		AF27400D2AE02C25007C6208 /* SwiftUI.framework in Frameworks */ = {isa = PBXBuildFile; fileRef = AF95B6FF2ADF2FEC005FC338 /* SwiftUI.framework */; };
		AF2740102AE02C25007C6208 /* BetterRemoteWidgetsBundle.swift in Sources */ = {isa = PBXBuildFile; fileRef = AF27400F2AE02C25007C6208 /* BetterRemoteWidgetsBundle.swift */; };
		AF2740162AE02C26007C6208 /* Assets.xcassets in Resources */ = {isa = PBXBuildFile; fileRef = AF2740152AE02C26007C6208 /* Assets.xcassets */; };
		AF27401B2AE02C26007C6208 /* BetterRemoteWidgetsExtension.appex in Embed Foundation Extensions */ = {isa = PBXBuildFile; fileRef = AF27400B2AE02C25007C6208 /* BetterRemoteWidgetsExtension.appex */; settings = {ATTRIBUTES = (RemoveHeadersOnCopy, ); }; };
		AF3EEF952AE0206E00B661F3 /* AudioPlayer.swift in Sources */ = {isa = PBXBuildFile; fileRef = AF5B16E32AD5D5BB00053BDC /* AudioPlayer.swift */; };
		AF3EEF962AE0206E00B661F3 /* RokuSession.swift in Sources */ = {isa = PBXBuildFile; fileRef = AF76B8152AD8A14600DF6FF7 /* RokuSession.swift */; };
		AF3EEF972AE0206E00B661F3 /* BinaryHeap.swift in Sources */ = {isa = PBXBuildFile; fileRef = AFFED2502AD75EAF00357FA4 /* BinaryHeap.swift */; };
		AF3EEF9C2AE0207900B661F3 /* RTP in Frameworks */ = {isa = PBXBuildFile; productRef = AF3EEF9B2AE0207900B661F3 /* RTP */; };
		AF3EEF9E2AE0207F00B661F3 /* Opus in Frameworks */ = {isa = PBXBuildFile; productRef = AF3EEF9D2AE0207F00B661F3 /* Opus */; };
		AF4D5F342AD4355E0055AF35 /* NIO in Frameworks */ = {isa = PBXBuildFile; productRef = AF4D5F332AD4355E0055AF35 /* NIO */; };
		AF76B8182AD8A15400DF6FF7 /* NIOWebSocket in Frameworks */ = {isa = PBXBuildFile; productRef = AF76B8172AD8A15400DF6FF7 /* NIOWebSocket */; };
		AF7BD44F2AE1789800F5E087 /* WidgetIntents.swift in Sources */ = {isa = PBXBuildFile; fileRef = AFF607892AE0037900A7D657 /* WidgetIntents.swift */; };
		AF95B6F72ADF2F9F005FC338 /* README.md in Resources */ = {isa = PBXBuildFile; fileRef = AF95B6F62ADF2F9F005FC338 /* README.md */; };
		AF95B76F2ADF5BA1005FC338 /* AppLinksView.swift in Sources */ = {isa = PBXBuildFile; fileRef = AF11D36A2AD2D0B800527AF6 /* AppLinksView.swift */; };
		AFA079DA2AE02561003E2754 /* DeviceAppEntity.swift in Sources */ = {isa = PBXBuildFile; fileRef = AFC6E6872ADDDE110036EC90 /* DeviceAppEntity.swift */; };
		AFA079DB2AE02561003E2754 /* ButtonPressIntents.swift in Sources */ = {isa = PBXBuildFile; fileRef = AFC6E6862ADDDE110036EC90 /* ButtonPressIntents.swift */; };
		AFA079DC2AE02561003E2754 /* RemoteButtonAppEnum.swift in Sources */ = {isa = PBXBuildFile; fileRef = AF20ACFB2AE017B600D371C7 /* RemoteButtonAppEnum.swift */; };
		AFA079DD2AE02561003E2754 /* AppLinkAppEntity.swift in Sources */ = {isa = PBXBuildFile; fileRef = AFC6E68D2ADDE2BC0036EC90 /* AppLinkAppEntity.swift */; };
		AFA079DE2AE02561003E2754 /* LaunchAppIntent.swift in Sources */ = {isa = PBXBuildFile; fileRef = AFC6E68F2ADDE4AA0036EC90 /* LaunchAppIntent.swift */; };
		AFA079DF2AE0263F003E2754 /* Shortcuts.swift in Sources */ = {isa = PBXBuildFile; fileRef = AFC6E6B72ADE28C80036EC90 /* Shortcuts.swift */; };
		AFC24EFF2AD0E5A1002AB66C /* BetterRemoteApp.swift in Sources */ = {isa = PBXBuildFile; fileRef = AFC24EFE2AD0E5A1002AB66C /* BetterRemoteApp.swift */; };
		AFC24F052AD0E5A2002AB66C /* Assets.xcassets in Resources */ = {isa = PBXBuildFile; fileRef = AFC24F042AD0E5A2002AB66C /* Assets.xcassets */; };
		AFF6077D2ADFAC4900A7D657 /* VolumeListener.swift in Sources */ = {isa = PBXBuildFile; fileRef = AFC6E67C2ADCC4D50036EC90 /* VolumeListener.swift */; };
		AFF6077F2ADFACBA00A7D657 /* AsyncSemaphore.swift in Sources */ = {isa = PBXBuildFile; fileRef = AFC6E67E2ADCE5D80036EC90 /* AsyncSemaphore.swift */; };
		AFF607802ADFACBA00A7D657 /* Discovery.swift in Sources */ = {isa = PBXBuildFile; fileRef = AF5FDAD52ADB3C4B006CDEB3 /* Discovery.swift */; };
		AFF607812ADFACBA00A7D657 /* ScanningActor.swift in Sources */ = {isa = PBXBuildFile; fileRef = AF95B7532ADF4435005FC338 /* ScanningActor.swift */; };
		AFFC71E62AD1212100EE8EA0 /* RemoteView.swift in Sources */ = {isa = PBXBuildFile; fileRef = AFFC71E52AD1212100EE8EA0 /* RemoteView.swift */; };
		AFFC71E82AD1F5BA00EE8EA0 /* CachedAsyncImage.swift in Sources */ = {isa = PBXBuildFile; fileRef = AFFC71E72AD1F5BA00EE8EA0 /* CachedAsyncImage.swift */; };
		AFFED2472AD749DD00357FA4 /* XMLCoder in Frameworks */ = {isa = PBXBuildFile; productRef = AFFED2462AD749DD00357FA4 /* XMLCoder */; };
		AFFED24F2AD759E200357FA4 /* NIOFoundationCompat in Frameworks */ = {isa = PBXBuildFile; productRef = AFFED24E2AD759E200357FA4 /* NIOFoundationCompat */; };
/* End PBXBuildFile section */

/* Begin PBXContainerItemProxy section */
		AF2740192AE02C26007C6208 /* PBXContainerItemProxy */ = {
			isa = PBXContainerItemProxy;
			containerPortal = AFC24EF32AD0E5A1002AB66C /* Project object */;
			proxyType = 1;
			remoteGlobalIDString = AF27400A2AE02C25007C6208;
			remoteInfo = BetterRemoteWidgetsExtension;
		};
/* End PBXContainerItemProxy section */

/* Begin PBXCopyFilesBuildPhase section */
		AF95B7302ADF3F5A005FC338 /* Embed Frameworks */ = {
			isa = PBXCopyFilesBuildPhase;
			buildActionMask = 2147483647;
			dstPath = "";
			dstSubfolderSpec = 10;
			files = (
			);
			name = "Embed Frameworks";
			runOnlyForDeploymentPostprocessing = 0;
		};
		AFA079CE2AE02352003E2754 /* Embed ExtensionKit Extensions */ = {
			isa = PBXCopyFilesBuildPhase;
			buildActionMask = 2147483647;
			dstPath = "$(EXTENSIONS_FOLDER_PATH)";
			dstSubfolderSpec = 16;
			files = (
			);
			name = "Embed ExtensionKit Extensions";
			runOnlyForDeploymentPostprocessing = 0;
		};
		AFC6E6B62ADDF6BC0036EC90 /* Embed Foundation Extensions */ = {
			isa = PBXCopyFilesBuildPhase;
			buildActionMask = 2147483647;
			dstPath = "";
			dstSubfolderSpec = 13;
			files = (
				AF27401B2AE02C26007C6208 /* BetterRemoteWidgetsExtension.appex in Embed Foundation Extensions */,
			);
			name = "Embed Foundation Extensions";
			runOnlyForDeploymentPostprocessing = 0;
		};
/* End PBXCopyFilesBuildPhase section */

/* Begin PBXFileReference section */
		AF11D36A2AD2D0B800527AF6 /* AppLinksView.swift */ = {isa = PBXFileReference; lastKnownFileType = sourcecode.swift; path = AppLinksView.swift; sourceTree = "<group>"; };
		AF11D36C2AD2D41100527AF6 /* Device.swift */ = {isa = PBXFileReference; lastKnownFileType = sourcecode.swift; path = Device.swift; sourceTree = "<group>"; };
		AF11D36E2AD35D2800527AF6 /* SettingsView.swift */ = {isa = PBXFileReference; lastKnownFileType = sourcecode.swift; path = SettingsView.swift; sourceTree = "<group>"; };
		AF20ACFB2AE017B600D371C7 /* RemoteButtonAppEnum.swift */ = {isa = PBXFileReference; lastKnownFileType = sourcecode.swift; path = RemoteButtonAppEnum.swift; sourceTree = "<group>"; };
		AF27400B2AE02C25007C6208 /* BetterRemoteWidgetsExtension.appex */ = {isa = PBXFileReference; explicitFileType = "wrapper.app-extension"; includeInIndex = 0; path = BetterRemoteWidgetsExtension.appex; sourceTree = BUILT_PRODUCTS_DIR; };
		AF27400F2AE02C25007C6208 /* BetterRemoteWidgetsBundle.swift */ = {isa = PBXFileReference; lastKnownFileType = sourcecode.swift; path = BetterRemoteWidgetsBundle.swift; sourceTree = "<group>"; };
		AF2740152AE02C26007C6208 /* Assets.xcassets */ = {isa = PBXFileReference; lastKnownFileType = folder.assetcatalog; path = Assets.xcassets; sourceTree = "<group>"; };
		AF2740172AE02C26007C6208 /* Info.plist */ = {isa = PBXFileReference; lastKnownFileType = text.plist.xml; path = Info.plist; sourceTree = "<group>"; };
		AF2740182AE02C26007C6208 /* BetterRemoteWidgets.entitlements */ = {isa = PBXFileReference; lastKnownFileType = text.plist.entitlements; path = BetterRemoteWidgets.entitlements; sourceTree = "<group>"; };
		AF4829722AD4C83D008E05FA /* Info.plist */ = {isa = PBXFileReference; lastKnownFileType = text.plist.xml; path = Info.plist; sourceTree = "<group>"; };
		AF4D5F302AD435060055AF35 /* DeviceControllerActor.swift */ = {isa = PBXFileReference; lastKnownFileType = sourcecode.swift; path = DeviceControllerActor.swift; sourceTree = "<group>"; };
		AF56E3B02AD97AB100F5E6E0 /* AppLink.swift */ = {isa = PBXFileReference; lastKnownFileType = sourcecode.swift; path = AppLink.swift; sourceTree = "<group>"; };
		AF56E3B22AD9814100F5E6E0 /* spotify.png */ = {isa = PBXFileReference; lastKnownFileType = image.png; path = spotify.png; sourceTree = "<group>"; };
		AF56E3B32AD9814100F5E6E0 /* hulu.png */ = {isa = PBXFileReference; lastKnownFileType = image.png; path = hulu.png; sourceTree = "<group>"; };
		AF56E3B42AD9814100F5E6E0 /* disney.png */ = {isa = PBXFileReference; lastKnownFileType = image.png; path = disney.png; sourceTree = "<group>"; };
		AF56E3B52AD9814100F5E6E0 /* netflix.png */ = {isa = PBXFileReference; lastKnownFileType = image.png; path = netflix.png; sourceTree = "<group>"; };
		AF5B16E32AD5D5BB00053BDC /* AudioPlayer.swift */ = {isa = PBXFileReference; lastKnownFileType = sourcecode.swift; path = AudioPlayer.swift; sourceTree = "<group>"; };
		AF5FDAD52ADB3C4B006CDEB3 /* Discovery.swift */ = {isa = PBXFileReference; lastKnownFileType = sourcecode.swift; path = Discovery.swift; sourceTree = "<group>"; };
		AF76B8152AD8A14600DF6FF7 /* RokuSession.swift */ = {isa = PBXFileReference; lastKnownFileType = sourcecode.swift; path = RokuSession.swift; sourceTree = "<group>"; };
		AF95B6F62ADF2F9F005FC338 /* README.md */ = {isa = PBXFileReference; fileEncoding = 4; lastKnownFileType = net.daringfireball.markdown; path = README.md; sourceTree = "<group>"; };
		AF95B6FD2ADF2FEC005FC338 /* WidgetKit.framework */ = {isa = PBXFileReference; lastKnownFileType = wrapper.framework; name = WidgetKit.framework; path = /System/Library/Frameworks/WidgetKit.framework; sourceTree = "<absolute>"; };
		AF95B6FF2ADF2FEC005FC338 /* SwiftUI.framework */ = {isa = PBXFileReference; lastKnownFileType = wrapper.framework; name = SwiftUI.framework; path = /System/Library/Frameworks/SwiftUI.framework; sourceTree = "<absolute>"; };
		AF95B7132ADF304E005FC338 /* SmallRemoteWidget.swift */ = {isa = PBXFileReference; lastKnownFileType = sourcecode.swift; path = SmallRemoteWidget.swift; sourceTree = "<group>"; };
		AF95B7192ADF340A005FC338 /* WidgetHelpers.swift */ = {isa = PBXFileReference; lastKnownFileType = sourcecode.swift; path = WidgetHelpers.swift; sourceTree = "<group>"; };
		AF95B71D2ADF3BA7005FC338 /* MediumRemoteWidget.swift */ = {isa = PBXFileReference; lastKnownFileType = sourcecode.swift; path = MediumRemoteWidget.swift; sourceTree = "<group>"; };
		AF95B74F2ADF43FD005FC338 /* NetworkHelpers.swift */ = {isa = PBXFileReference; lastKnownFileType = sourcecode.swift; path = NetworkHelpers.swift; sourceTree = "<group>"; };
		AF95B7532ADF4435005FC338 /* ScanningActor.swift */ = {isa = PBXFileReference; lastKnownFileType = sourcecode.swift; path = ScanningActor.swift; sourceTree = "<group>"; };
		AFC24EFB2AD0E5A1002AB66C /* BetterRemote.app */ = {isa = PBXFileReference; explicitFileType = wrapper.application; includeInIndex = 0; path = BetterRemote.app; sourceTree = BUILT_PRODUCTS_DIR; };
		AFC24EFE2AD0E5A1002AB66C /* BetterRemoteApp.swift */ = {isa = PBXFileReference; lastKnownFileType = sourcecode.swift; path = BetterRemoteApp.swift; sourceTree = "<group>"; };
		AFC24F042AD0E5A2002AB66C /* Assets.xcassets */ = {isa = PBXFileReference; lastKnownFileType = folder.assetcatalog; path = Assets.xcassets; sourceTree = "<group>"; };
		AFC24F092AD0E5A2002AB66C /* BetterRemote.entitlements */ = {isa = PBXFileReference; lastKnownFileType = text.plist.entitlements; path = BetterRemote.entitlements; sourceTree = "<group>"; };
		AFC6E67C2ADCC4D50036EC90 /* VolumeListener.swift */ = {isa = PBXFileReference; lastKnownFileType = sourcecode.swift; path = VolumeListener.swift; sourceTree = "<group>"; };
		AFC6E67E2ADCE5D80036EC90 /* AsyncSemaphore.swift */ = {isa = PBXFileReference; lastKnownFileType = sourcecode.swift; path = AsyncSemaphore.swift; sourceTree = "<group>"; };
		AFC6E6862ADDDE110036EC90 /* ButtonPressIntents.swift */ = {isa = PBXFileReference; lastKnownFileType = sourcecode.swift; path = ButtonPressIntents.swift; sourceTree = "<group>"; };
		AFC6E6872ADDDE110036EC90 /* DeviceAppEntity.swift */ = {isa = PBXFileReference; lastKnownFileType = sourcecode.swift; path = DeviceAppEntity.swift; sourceTree = "<group>"; };
		AFC6E68B2ADDDF450036EC90 /* RemoteButton.swift */ = {isa = PBXFileReference; lastKnownFileType = sourcecode.swift; path = RemoteButton.swift; sourceTree = "<group>"; };
		AFC6E68D2ADDE2BC0036EC90 /* AppLinkAppEntity.swift */ = {isa = PBXFileReference; lastKnownFileType = sourcecode.swift; path = AppLinkAppEntity.swift; sourceTree = "<group>"; };
		AFC6E68F2ADDE4AA0036EC90 /* LaunchAppIntent.swift */ = {isa = PBXFileReference; lastKnownFileType = sourcecode.swift; path = LaunchAppIntent.swift; sourceTree = "<group>"; };
		AFC6E6962ADDF6BB0036EC90 /* Intents.framework */ = {isa = PBXFileReference; lastKnownFileType = wrapper.framework; name = Intents.framework; path = System/Library/Frameworks/Intents.framework; sourceTree = SDKROOT; };
		AFC6E6A12ADDF6BC0036EC90 /* IntentsUI.framework */ = {isa = PBXFileReference; lastKnownFileType = wrapper.framework; name = IntentsUI.framework; path = System/Library/Frameworks/IntentsUI.framework; sourceTree = SDKROOT; };
		AFC6E6B72ADE28C80036EC90 /* Shortcuts.swift */ = {isa = PBXFileReference; lastKnownFileType = sourcecode.swift; path = Shortcuts.swift; sourceTree = "<group>"; };
		AFF607892AE0037900A7D657 /* WidgetIntents.swift */ = {isa = PBXFileReference; lastKnownFileType = sourcecode.swift; path = WidgetIntents.swift; sourceTree = "<group>"; };
		AFFC71E52AD1212100EE8EA0 /* RemoteView.swift */ = {isa = PBXFileReference; lastKnownFileType = sourcecode.swift; path = RemoteView.swift; sourceTree = "<group>"; };
		AFFC71E72AD1F5BA00EE8EA0 /* CachedAsyncImage.swift */ = {isa = PBXFileReference; lastKnownFileType = sourcecode.swift; path = CachedAsyncImage.swift; sourceTree = "<group>"; };
		AFFED2502AD75EAF00357FA4 /* BinaryHeap.swift */ = {isa = PBXFileReference; lastKnownFileType = sourcecode.swift; path = BinaryHeap.swift; sourceTree = "<group>"; };
/* End PBXFileReference section */

/* Begin PBXFrameworksBuildPhase section */
		AF2740082AE02C25007C6208 /* Frameworks */ = {
			isa = PBXFrameworksBuildPhase;
			buildActionMask = 2147483647;
			files = (
				AF27400D2AE02C25007C6208 /* SwiftUI.framework in Frameworks */,
				AF27400C2AE02C25007C6208 /* WidgetKit.framework in Frameworks */,
			);
			runOnlyForDeploymentPostprocessing = 0;
		};
		AFC24EF82AD0E5A1002AB66C /* Frameworks */ = {
			isa = PBXFrameworksBuildPhase;
			buildActionMask = 2147483647;
			files = (
				AF3EEF9C2AE0207900B661F3 /* RTP in Frameworks */,
				AFFED2472AD749DD00357FA4 /* XMLCoder in Frameworks */,
				AF4D5F342AD4355E0055AF35 /* NIO in Frameworks */,
				AFFED24F2AD759E200357FA4 /* NIOFoundationCompat in Frameworks */,
				AF76B8182AD8A15400DF6FF7 /* NIOWebSocket in Frameworks */,
				AF3EEF9E2AE0207F00B661F3 /* Opus in Frameworks */,
			);
			runOnlyForDeploymentPostprocessing = 0;
		};
/* End PBXFrameworksBuildPhase section */

/* Begin PBXGroup section */
		AF27400E2AE02C25007C6208 /* BetterRemoteWidgets */ = {
			isa = PBXGroup;
			children = (
				AF95B7192ADF340A005FC338 /* WidgetHelpers.swift */,
				AF95B7132ADF304E005FC338 /* SmallRemoteWidget.swift */,
				AF95B71D2ADF3BA7005FC338 /* MediumRemoteWidget.swift */,
				AF27400F2AE02C25007C6208 /* BetterRemoteWidgetsBundle.swift */,
				AF2740152AE02C26007C6208 /* Assets.xcassets */,
				AF2740172AE02C26007C6208 /* Info.plist */,
				AF2740182AE02C26007C6208 /* BetterRemoteWidgets.entitlements */,
			);
			path = BetterRemoteWidgets;
			sourceTree = "<group>";
		};
		AF4D5F322AD4355E0055AF35 /* Frameworks */ = {
			isa = PBXGroup;
			children = (
				AFC6E6962ADDF6BB0036EC90 /* Intents.framework */,
				AFC6E6A12ADDF6BC0036EC90 /* IntentsUI.framework */,
				AF95B6FD2ADF2FEC005FC338 /* WidgetKit.framework */,
				AF95B6FF2ADF2FEC005FC338 /* SwiftUI.framework */,
			);
			name = Frameworks;
			sourceTree = "<group>";
		};
		AF56E3AF2AD97AA300F5E6E0 /* Models */ = {
			isa = PBXGroup;
			children = (
				AF11D36C2AD2D41100527AF6 /* Device.swift */,
				AF56E3B02AD97AB100F5E6E0 /* AppLink.swift */,
				AFC6E68B2ADDDF450036EC90 /* RemoteButton.swift */,
			);
			path = Models;
			sourceTree = "<group>";
		};
		AF56E3BA2AD9863100F5E6E0 /* Views */ = {
			isa = PBXGroup;
			children = (
				AFFC71E52AD1212100EE8EA0 /* RemoteView.swift */,
				AF11D36E2AD35D2800527AF6 /* SettingsView.swift */,
				AF11D36A2AD2D0B800527AF6 /* AppLinksView.swift */,
				AFFC71E72AD1F5BA00EE8EA0 /* CachedAsyncImage.swift */,
			);
			path = Views;
			sourceTree = "<group>";
		};
		AF56E3BB2AD9865400F5E6E0 /* Controllers */ = {
			isa = PBXGroup;
			children = (
				AF4D5F302AD435060055AF35 /* DeviceControllerActor.swift */,
				AF95B74F2ADF43FD005FC338 /* NetworkHelpers.swift */,
			);
			path = Controllers;
			sourceTree = "<group>";
		};
		AF95B7372ADF3F9E005FC338 /* Shared */ = {
			isa = PBXGroup;
			children = (
				AFF6078C2AE005E400A7D657 /* Intents */,
				AF56E3AF2AD97AA300F5E6E0 /* Models */,
				AF56E3BB2AD9865400F5E6E0 /* Controllers */,
			);
			path = Shared;
			sourceTree = "<group>";
		};
		AF95B74D2ADF43A4005FC338 /* AudioPlayer */ = {
			isa = PBXGroup;
			children = (
				AF76B8152AD8A14600DF6FF7 /* RokuSession.swift */,
				AFFED2502AD75EAF00357FA4 /* BinaryHeap.swift */,
				AF5B16E32AD5D5BB00053BDC /* AudioPlayer.swift */,
			);
			path = AudioPlayer;
			sourceTree = "<group>";
		};
		AF95B74E2ADF43B2005FC338 /* Scanning */ = {
			isa = PBXGroup;
			children = (
				AFC6E67E2ADCE5D80036EC90 /* AsyncSemaphore.swift */,
				AF5FDAD52ADB3C4B006CDEB3 /* Discovery.swift */,
				AF95B7532ADF4435005FC338 /* ScanningActor.swift */,
			);
			path = Scanning;
			sourceTree = "<group>";
		};
		AFC24EF22AD0E5A1002AB66C = {
			isa = PBXGroup;
			children = (
				AF95B6F62ADF2F9F005FC338 /* README.md */,
				AFC24EFD2AD0E5A1002AB66C /* BetterRemote */,
				AF95B7372ADF3F9E005FC338 /* Shared */,
				AF27400E2AE02C25007C6208 /* BetterRemoteWidgets */,
				AFC24EFC2AD0E5A1002AB66C /* Products */,
				AF4D5F322AD4355E0055AF35 /* Frameworks */,
			);
			sourceTree = "<group>";
		};
		AFC24EFC2AD0E5A1002AB66C /* Products */ = {
			isa = PBXGroup;
			children = (
				AFC24EFB2AD0E5A1002AB66C /* BetterRemote.app */,
				AF27400B2AE02C25007C6208 /* BetterRemoteWidgetsExtension.appex */,
			);
			name = Products;
			sourceTree = "<group>";
		};
		AFC24EFD2AD0E5A1002AB66C /* BetterRemote */ = {
			isa = PBXGroup;
			children = (
				AFC24EFE2AD0E5A1002AB66C /* BetterRemoteApp.swift */,
				AFC24F042AD0E5A2002AB66C /* Assets.xcassets */,
				AF4829722AD4C83D008E05FA /* Info.plist */,
				AFC24F092AD0E5A2002AB66C /* BetterRemote.entitlements */,
				AFF6077E2ADFAC4F00A7D657 /* Backend */,
				AF56E3BA2AD9863100F5E6E0 /* Views */,
				AFC24F062AD0E5A2002AB66C /* Preview Content */,
			);
			path = BetterRemote;
			sourceTree = "<group>";
		};
		AFC24F062AD0E5A2002AB66C /* Preview Content */ = {
			isa = PBXGroup;
			children = (
				AF56E3B42AD9814100F5E6E0 /* disney.png */,
				AF56E3B32AD9814100F5E6E0 /* hulu.png */,
				AF56E3B52AD9814100F5E6E0 /* netflix.png */,
				AF56E3B22AD9814100F5E6E0 /* spotify.png */,
			);
			path = "Preview Content";
			sourceTree = "<group>";
		};
		AFF6077E2ADFAC4F00A7D657 /* Backend */ = {
			isa = PBXGroup;
			children = (
				AF95B74E2ADF43B2005FC338 /* Scanning */,
				AF95B74D2ADF43A4005FC338 /* AudioPlayer */,
				AFC6E67C2ADCC4D50036EC90 /* VolumeListener.swift */,
			);
			path = Backend;
			sourceTree = "<group>";
		};
		AFF6078C2AE005E400A7D657 /* Intents */ = {
			isa = PBXGroup;
			children = (
				AFF607892AE0037900A7D657 /* WidgetIntents.swift */,
				AFC6E6B72ADE28C80036EC90 /* Shortcuts.swift */,
				AFC6E6872ADDDE110036EC90 /* DeviceAppEntity.swift */,
				AFC6E68D2ADDE2BC0036EC90 /* AppLinkAppEntity.swift */,
				AFC6E6862ADDDE110036EC90 /* ButtonPressIntents.swift */,
				AFC6E68F2ADDE4AA0036EC90 /* LaunchAppIntent.swift */,
				AF20ACFB2AE017B600D371C7 /* RemoteButtonAppEnum.swift */,
			);
			path = Intents;
			sourceTree = "<group>";
		};
/* End PBXGroup section */

/* Begin PBXNativeTarget section */
		AF27400A2AE02C25007C6208 /* BetterRemoteWidgetsExtension */ = {
			isa = PBXNativeTarget;
			buildConfigurationList = AF27401E2AE02C27007C6208 /* Build configuration list for PBXNativeTarget "BetterRemoteWidgetsExtension" */;
			buildPhases = (
				AF2740072AE02C25007C6208 /* Sources */,
				AF2740082AE02C25007C6208 /* Frameworks */,
				AF2740092AE02C25007C6208 /* Resources */,
			);
			buildRules = (
			);
			dependencies = (
			);
			name = BetterRemoteWidgetsExtension;
			productName = BetterRemoteWidgetsExtension;
			productReference = AF27400B2AE02C25007C6208 /* BetterRemoteWidgetsExtension.appex */;
			productType = "com.apple.product-type.app-extension";
		};
		AFC24EFA2AD0E5A1002AB66C /* BetterRemote */ = {
			isa = PBXNativeTarget;
			buildConfigurationList = AFC24F222AD0E5A3002AB66C /* Build configuration list for PBXNativeTarget "BetterRemote" */;
			buildPhases = (
				AFC24EF72AD0E5A1002AB66C /* Sources */,
				AFC24EF82AD0E5A1002AB66C /* Frameworks */,
				AFC24EF92AD0E5A1002AB66C /* Resources */,
				AFC6E6B62ADDF6BC0036EC90 /* Embed Foundation Extensions */,
				AF95B7302ADF3F5A005FC338 /* Embed Frameworks */,
				AFA079CE2AE02352003E2754 /* Embed ExtensionKit Extensions */,
			);
			buildRules = (
			);
			dependencies = (
				AF27401A2AE02C26007C6208 /* PBXTargetDependency */,
			);
			name = BetterRemote;
			packageProductDependencies = (
				AF4D5F332AD4355E0055AF35 /* NIO */,
				AFFED2462AD749DD00357FA4 /* XMLCoder */,
				AFFED24E2AD759E200357FA4 /* NIOFoundationCompat */,
				AF76B8172AD8A15400DF6FF7 /* NIOWebSocket */,
				AF3EEF9B2AE0207900B661F3 /* RTP */,
				AF3EEF9D2AE0207F00B661F3 /* Opus */,
			);
			productName = BetterRemote;
			productReference = AFC24EFB2AD0E5A1002AB66C /* BetterRemote.app */;
			productType = "com.apple.product-type.application";
		};
/* End PBXNativeTarget section */

/* Begin PBXProject section */
		AFC24EF32AD0E5A1002AB66C /* Project object */ = {
			isa = PBXProject;
			attributes = {
				BuildIndependentTargetsInParallel = 1;
				LastSwiftUpdateCheck = 1500;
				LastUpgradeCheck = 1500;
				TargetAttributes = {
					AF27400A2AE02C25007C6208 = {
						CreatedOnToolsVersion = 15.0;
					};
					AFC24EFA2AD0E5A1002AB66C = {
						CreatedOnToolsVersion = 15.0;
					};
				};
			};
			buildConfigurationList = AFC24EF62AD0E5A1002AB66C /* Build configuration list for PBXProject "BetterRemote" */;
			compatibilityVersion = "Xcode 15.0";
			developmentRegion = en;
			hasScannedForEncodings = 0;
			knownRegions = (
				en,
				Base,
			);
			mainGroup = AFC24EF22AD0E5A1002AB66C;
			packageReferences = (
				AF4D5F2F2AD434FB0055AF35 /* XCRemoteSwiftPackageReference "swift-nio" */,
				AFFED2452AD749DD00357FA4 /* XCRemoteSwiftPackageReference "XMLCoder" */,
				AFFED2482AD7536800357FA4 /* XCRemoteSwiftPackageReference "swift-rtp" */,
				AFFED24B2AD7537A00357FA4 /* XCRemoteSwiftPackageReference "swift-opus" */,
				AF95B7572ADF582F005FC338 /* XCRemoteSwiftPackageReference "swift-atomics" */,
			);
			productRefGroup = AFC24EFC2AD0E5A1002AB66C /* Products */;
			projectDirPath = "";
			projectRoot = "";
			targets = (
				AFC24EFA2AD0E5A1002AB66C /* BetterRemote */,
				AF27400A2AE02C25007C6208 /* BetterRemoteWidgetsExtension */,
			);
		};
/* End PBXProject section */

/* Begin PBXResourcesBuildPhase section */
		AF2740092AE02C25007C6208 /* Resources */ = {
			isa = PBXResourcesBuildPhase;
			buildActionMask = 2147483647;
			files = (
				AF2740162AE02C26007C6208 /* Assets.xcassets in Resources */,
			);
			runOnlyForDeploymentPostprocessing = 0;
		};
		AFC24EF92AD0E5A1002AB66C /* Resources */ = {
			isa = PBXResourcesBuildPhase;
			buildActionMask = 2147483647;
			files = (
				AF95B6F72ADF2F9F005FC338 /* README.md in Resources */,
				AFC24F052AD0E5A2002AB66C /* Assets.xcassets in Resources */,
			);
			runOnlyForDeploymentPostprocessing = 0;
		};
/* End PBXResourcesBuildPhase section */

/* Begin PBXSourcesBuildPhase section */
		AF2740072AE02C25007C6208 /* Sources */ = {
			isa = PBXSourcesBuildPhase;
			buildActionMask = 2147483647;
			files = (
				AF205B272AE02D0100041CDF /* NetworkHelpers.swift in Sources */,
				AF205B2B2AE02D1C00041CDF /* ButtonPressIntents.swift in Sources */,
				AF205B1F2AE02CAF00041CDF /* MediumRemoteWidget.swift in Sources */,
				AF205B282AE02D0100041CDF /* AppLink.swift in Sources */,
				AF205B2A2AE02D1C00041CDF /* RemoteButtonAppEnum.swift in Sources */,
				AF205B212AE02CAF00041CDF /* SmallRemoteWidget.swift in Sources */,
				AF205B2C2AE02D1C00041CDF /* WidgetIntents.swift in Sources */,
				AF2740102AE02C25007C6208 /* BetterRemoteWidgetsBundle.swift in Sources */,
				AF205B2D2AE02D1C00041CDF /* DeviceAppEntity.swift in Sources */,
				AF205B202AE02CAF00041CDF /* WidgetHelpers.swift in Sources */,
				AF205B252AE02D0100041CDF /* DeviceControllerActor.swift in Sources */,
				AF205B242AE02D0100041CDF /* RemoteButton.swift in Sources */,
				AF205B292AE02D1C00041CDF /* LaunchAppIntent.swift in Sources */,
				AF205B2E2AE02D1C00041CDF /* AppLinkAppEntity.swift in Sources */,
				AF205B262AE02D0100041CDF /* Device.swift in Sources */,
			);
			runOnlyForDeploymentPostprocessing = 0;
		};
		AFC24EF72AD0E5A1002AB66C /* Sources */ = {
			isa = PBXSourcesBuildPhase;
			buildActionMask = 2147483647;
			files = (
				AF20AD0C2AE01E9100D371C7 /* AppLink.swift in Sources */,
				AFF6077F2ADFACBA00A7D657 /* AsyncSemaphore.swift in Sources */,
				AF3EEF972AE0206E00B661F3 /* BinaryHeap.swift in Sources */,
				AFF607802ADFACBA00A7D657 /* Discovery.swift in Sources */,
				AFA079DE2AE02561003E2754 /* LaunchAppIntent.swift in Sources */,
				AFA079DA2AE02561003E2754 /* DeviceAppEntity.swift in Sources */,
				AF20AD0D2AE01E9100D371C7 /* Device.swift in Sources */,
				AF7BD44F2AE1789800F5E087 /* WidgetIntents.swift in Sources */,
				AF20AD132AE01ED100D371C7 /* DeviceControllerActor.swift in Sources */,
				AFA079DB2AE02561003E2754 /* ButtonPressIntents.swift in Sources */,
				AFA079DF2AE0263F003E2754 /* Shortcuts.swift in Sources */,
				AFF607812ADFACBA00A7D657 /* ScanningActor.swift in Sources */,
				AFF6077D2ADFAC4900A7D657 /* VolumeListener.swift in Sources */,
				AF3EEF962AE0206E00B661F3 /* RokuSession.swift in Sources */,
				AF95B76F2ADF5BA1005FC338 /* AppLinksView.swift in Sources */,
				AFFC71E62AD1212100EE8EA0 /* RemoteView.swift in Sources */,
				AF11D36F2AD35D2800527AF6 /* SettingsView.swift in Sources */,
				AFA079DC2AE02561003E2754 /* RemoteButtonAppEnum.swift in Sources */,
				AFFC71E82AD1F5BA00EE8EA0 /* CachedAsyncImage.swift in Sources */,
				AFA079DD2AE02561003E2754 /* AppLinkAppEntity.swift in Sources */,
				AF20AD172AE01EDB00D371C7 /* RemoteButton.swift in Sources */,
				AF20AD142AE01ED100D371C7 /* NetworkHelpers.swift in Sources */,
				AFC24EFF2AD0E5A1002AB66C /* BetterRemoteApp.swift in Sources */,
				AF3EEF952AE0206E00B661F3 /* AudioPlayer.swift in Sources */,
			);
			runOnlyForDeploymentPostprocessing = 0;
		};
/* End PBXSourcesBuildPhase section */

/* Begin PBXTargetDependency section */
		AF27401A2AE02C26007C6208 /* PBXTargetDependency */ = {
			isa = PBXTargetDependency;
			target = AF27400A2AE02C25007C6208 /* BetterRemoteWidgetsExtension */;
			targetProxy = AF2740192AE02C26007C6208 /* PBXContainerItemProxy */;
		};
/* End PBXTargetDependency section */

/* Begin XCBuildConfiguration section */
		AF27401C2AE02C27007C6208 /* Debug */ = {
			isa = XCBuildConfiguration;
			buildSettings = {
				ASSETCATALOG_COMPILER_GLOBAL_ACCENT_COLOR_NAME = AccentColor;
				ASSETCATALOG_COMPILER_WIDGET_BACKGROUND_COLOR_NAME = WidgetBackground;
				CODE_SIGN_ENTITLEMENTS = BetterRemoteWidgets/BetterRemoteWidgets.entitlements;
				CODE_SIGN_IDENTITY = "Apple Development";
				CODE_SIGN_STYLE = Automatic;
				DEVELOPMENT_TEAM = 2865NTZ7H3;
				ENABLE_HARDENED_RUNTIME = YES;
				GENERATE_INFOPLIST_FILE = YES;
				INFOPLIST_FILE = BetterRemoteWidgets/Info.plist;
				INFOPLIST_KEY_CFBundleDisplayName = BetterRemoteWidgets;
				INFOPLIST_KEY_NSHumanReadableCopyright = "";
				IPHONEOS_DEPLOYMENT_TARGET = 17.0;
				LD_RUNPATH_SEARCH_PATHS = (
					"$(inherited)",
					"@executable_path/Frameworks",
					"@executable_path/../../Frameworks",
				);
				"LD_RUNPATH_SEARCH_PATHS[sdk=macosx*]" = (
					"$(inherited)",
					"@executable_path/../Frameworks",
					"@executable_path/../../../../Frameworks",
				);
				MACOSX_DEPLOYMENT_TARGET = 14.0;
				PRODUCT_BUNDLE_IDENTIFIER = com.msdrigg.BetterRemote.BetterRemoteWidgets;
				PRODUCT_NAME = "$(TARGET_NAME)";
				SDKROOT = auto;
				SKIP_INSTALL = YES;
				SUPPORTED_PLATFORMS = "iphoneos iphonesimulator macosx";
				SWIFT_EMIT_LOC_STRINGS = YES;
				SWIFT_VERSION = 5.0;
				TARGETED_DEVICE_FAMILY = "1,2";
			};
			name = Debug;
		};
		AF27401D2AE02C27007C6208 /* Release */ = {
			isa = XCBuildConfiguration;
			buildSettings = {
				ASSETCATALOG_COMPILER_GLOBAL_ACCENT_COLOR_NAME = AccentColor;
				ASSETCATALOG_COMPILER_WIDGET_BACKGROUND_COLOR_NAME = WidgetBackground;
				CODE_SIGN_ENTITLEMENTS = BetterRemoteWidgets/BetterRemoteWidgets.entitlements;
				CODE_SIGN_IDENTITY = "Apple Development";
				CODE_SIGN_STYLE = Automatic;
				DEVELOPMENT_TEAM = 2865NTZ7H3;
				ENABLE_HARDENED_RUNTIME = YES;
				GENERATE_INFOPLIST_FILE = YES;
				INFOPLIST_FILE = BetterRemoteWidgets/Info.plist;
				INFOPLIST_KEY_CFBundleDisplayName = BetterRemoteWidgets;
				INFOPLIST_KEY_NSHumanReadableCopyright = "";
				IPHONEOS_DEPLOYMENT_TARGET = 17.0;
				LD_RUNPATH_SEARCH_PATHS = (
					"$(inherited)",
					"@executable_path/Frameworks",
					"@executable_path/../../Frameworks",
				);
				"LD_RUNPATH_SEARCH_PATHS[sdk=macosx*]" = (
					"$(inherited)",
					"@executable_path/../Frameworks",
					"@executable_path/../../../../Frameworks",
				);
				MACOSX_DEPLOYMENT_TARGET = 14.0;
				PRODUCT_BUNDLE_IDENTIFIER = com.msdrigg.BetterRemote.BetterRemoteWidgets;
				PRODUCT_NAME = "$(TARGET_NAME)";
				SDKROOT = auto;
				SKIP_INSTALL = YES;
				SUPPORTED_PLATFORMS = "iphoneos iphonesimulator macosx";
				SWIFT_EMIT_LOC_STRINGS = YES;
				SWIFT_VERSION = 5.0;
				TARGETED_DEVICE_FAMILY = "1,2";
			};
			name = Release;
		};
		AFC24F202AD0E5A3002AB66C /* Debug */ = {
			isa = XCBuildConfiguration;
			buildSettings = {
				ALWAYS_SEARCH_USER_PATHS = NO;
				ASSETCATALOG_COMPILER_GENERATE_SWIFT_ASSET_SYMBOL_EXTENSIONS = YES;
				CLANG_ANALYZER_NONNULL = YES;
				CLANG_ANALYZER_NUMBER_OBJECT_CONVERSION = YES_AGGRESSIVE;
				CLANG_CXX_LANGUAGE_STANDARD = "gnu++20";
				CLANG_ENABLE_MODULES = YES;
				CLANG_ENABLE_OBJC_ARC = YES;
				CLANG_ENABLE_OBJC_WEAK = YES;
				CLANG_WARN_BLOCK_CAPTURE_AUTORELEASING = YES;
				CLANG_WARN_BOOL_CONVERSION = YES;
				CLANG_WARN_COMMA = YES;
				CLANG_WARN_CONSTANT_CONVERSION = YES;
				CLANG_WARN_DEPRECATED_OBJC_IMPLEMENTATIONS = YES;
				CLANG_WARN_DIRECT_OBJC_ISA_USAGE = YES_ERROR;
				CLANG_WARN_DOCUMENTATION_COMMENTS = YES;
				CLANG_WARN_EMPTY_BODY = YES;
				CLANG_WARN_ENUM_CONVERSION = YES;
				CLANG_WARN_INFINITE_RECURSION = YES;
				CLANG_WARN_INT_CONVERSION = YES;
				CLANG_WARN_NON_LITERAL_NULL_CONVERSION = YES;
				CLANG_WARN_OBJC_IMPLICIT_RETAIN_SELF = YES;
				CLANG_WARN_OBJC_LITERAL_CONVERSION = YES;
				CLANG_WARN_OBJC_ROOT_CLASS = YES_ERROR;
				CLANG_WARN_QUOTED_INCLUDE_IN_FRAMEWORK_HEADER = YES;
				CLANG_WARN_RANGE_LOOP_ANALYSIS = YES;
				CLANG_WARN_STRICT_PROTOTYPES = YES;
				CLANG_WARN_SUSPICIOUS_MOVE = YES;
				CLANG_WARN_UNGUARDED_AVAILABILITY = YES_AGGRESSIVE;
				CLANG_WARN_UNREACHABLE_CODE = YES;
				CLANG_WARN__DUPLICATE_METHOD_MATCH = YES;
				COPY_PHASE_STRIP = NO;
				CURRENT_PROJECT_VERSION = 1;
				DEBUG_INFORMATION_FORMAT = dwarf;
				EMBED_ASSET_PACKS_IN_PRODUCT_BUNDLE = NO;
				ENABLE_STRICT_OBJC_MSGSEND = YES;
				ENABLE_TESTABILITY = YES;
				ENABLE_USER_SCRIPT_SANDBOXING = YES;
				GCC_C_LANGUAGE_STANDARD = gnu17;
				GCC_DYNAMIC_NO_PIC = NO;
				GCC_NO_COMMON_BLOCKS = YES;
				GCC_OPTIMIZATION_LEVEL = 0;
				GCC_PREPROCESSOR_DEFINITIONS = (
					"DEBUG=1",
					"$(inherited)",
				);
				GCC_WARN_64_TO_32_BIT_CONVERSION = YES;
				GCC_WARN_ABOUT_RETURN_TYPE = YES_ERROR;
				GCC_WARN_UNDECLARED_SELECTOR = YES;
				GCC_WARN_UNINITIALIZED_AUTOS = YES_AGGRESSIVE;
				GCC_WARN_UNUSED_FUNCTION = YES;
				GCC_WARN_UNUSED_VARIABLE = YES;
				IPHONEOS_DEPLOYMENT_TARGET = 17.0;
				LOCALIZATION_PREFERS_STRING_CATALOGS = YES;
				MACOSX_DEPLOYMENT_TARGET = 14.0;
				MARKETING_VERSION = 1.1;
				MTL_ENABLE_DEBUG_INFO = INCLUDE_SOURCE;
				MTL_FAST_MATH = YES;
				ONLY_ACTIVE_ARCH = YES;
				SDKROOT = macosx;
				SWIFT_ACTIVE_COMPILATION_CONDITIONS = "DEBUG $(inherited)";
				SWIFT_OPTIMIZATION_LEVEL = "-Onone";
			};
			name = Debug;
		};
		AFC24F212AD0E5A3002AB66C /* Release */ = {
			isa = XCBuildConfiguration;
			buildSettings = {
				ALWAYS_SEARCH_USER_PATHS = NO;
				ASSETCATALOG_COMPILER_GENERATE_SWIFT_ASSET_SYMBOL_EXTENSIONS = YES;
				CLANG_ANALYZER_NONNULL = YES;
				CLANG_ANALYZER_NUMBER_OBJECT_CONVERSION = YES_AGGRESSIVE;
				CLANG_CXX_LANGUAGE_STANDARD = "gnu++20";
				CLANG_ENABLE_MODULES = YES;
				CLANG_ENABLE_OBJC_ARC = YES;
				CLANG_ENABLE_OBJC_WEAK = YES;
				CLANG_WARN_BLOCK_CAPTURE_AUTORELEASING = YES;
				CLANG_WARN_BOOL_CONVERSION = YES;
				CLANG_WARN_COMMA = YES;
				CLANG_WARN_CONSTANT_CONVERSION = YES;
				CLANG_WARN_DEPRECATED_OBJC_IMPLEMENTATIONS = YES;
				CLANG_WARN_DIRECT_OBJC_ISA_USAGE = YES_ERROR;
				CLANG_WARN_DOCUMENTATION_COMMENTS = YES;
				CLANG_WARN_EMPTY_BODY = YES;
				CLANG_WARN_ENUM_CONVERSION = YES;
				CLANG_WARN_INFINITE_RECURSION = YES;
				CLANG_WARN_INT_CONVERSION = YES;
				CLANG_WARN_NON_LITERAL_NULL_CONVERSION = YES;
				CLANG_WARN_OBJC_IMPLICIT_RETAIN_SELF = YES;
				CLANG_WARN_OBJC_LITERAL_CONVERSION = YES;
				CLANG_WARN_OBJC_ROOT_CLASS = YES_ERROR;
				CLANG_WARN_QUOTED_INCLUDE_IN_FRAMEWORK_HEADER = YES;
				CLANG_WARN_RANGE_LOOP_ANALYSIS = YES;
				CLANG_WARN_STRICT_PROTOTYPES = YES;
				CLANG_WARN_SUSPICIOUS_MOVE = YES;
				CLANG_WARN_UNGUARDED_AVAILABILITY = YES_AGGRESSIVE;
				CLANG_WARN_UNREACHABLE_CODE = YES;
				CLANG_WARN__DUPLICATE_METHOD_MATCH = YES;
				COPY_PHASE_STRIP = NO;
				CURRENT_PROJECT_VERSION = 1;
				DEBUG_INFORMATION_FORMAT = "dwarf-with-dsym";
				EMBED_ASSET_PACKS_IN_PRODUCT_BUNDLE = NO;
				ENABLE_NS_ASSERTIONS = NO;
				ENABLE_STRICT_OBJC_MSGSEND = YES;
				ENABLE_USER_SCRIPT_SANDBOXING = YES;
				GCC_C_LANGUAGE_STANDARD = gnu17;
				GCC_NO_COMMON_BLOCKS = YES;
				GCC_WARN_64_TO_32_BIT_CONVERSION = YES;
				GCC_WARN_ABOUT_RETURN_TYPE = YES_ERROR;
				GCC_WARN_UNDECLARED_SELECTOR = YES;
				GCC_WARN_UNINITIALIZED_AUTOS = YES_AGGRESSIVE;
				GCC_WARN_UNUSED_FUNCTION = YES;
				GCC_WARN_UNUSED_VARIABLE = YES;
				IPHONEOS_DEPLOYMENT_TARGET = 17.0;
				LOCALIZATION_PREFERS_STRING_CATALOGS = YES;
				MACOSX_DEPLOYMENT_TARGET = 14.0;
				MARKETING_VERSION = 1.1;
				MTL_ENABLE_DEBUG_INFO = NO;
				MTL_FAST_MATH = YES;
				SDKROOT = macosx;
				SWIFT_COMPILATION_MODE = wholemodule;
			};
			name = Release;
		};
		AFC24F232AD0E5A3002AB66C /* Debug */ = {
			isa = XCBuildConfiguration;
			buildSettings = {
				ALWAYS_EMBED_SWIFT_STANDARD_LIBRARIES = YES;
				ASSETCATALOG_COMPILER_APPICON_NAME = AppIcon;
				ASSETCATALOG_COMPILER_GLOBAL_ACCENT_COLOR_NAME = AccentColor;
				CODE_SIGN_ENTITLEMENTS = BetterRemote/BetterRemote.entitlements;
				CODE_SIGN_IDENTITY = "Apple Development";
				CODE_SIGN_STYLE = Automatic;
				COMBINE_HIDPI_IMAGES = YES;
				DEVELOPMENT_ASSET_PATHS = "BetterRemote/Preview\\ Content/netflix.png BetterRemote/Preview\\ Content/disney.png BetterRemote/Preview\\ Content/spotify.png BetterRemote/Preview\\ Content BetterRemote/Preview\\ Content/hulu.png";
				DEVELOPMENT_TEAM = 2865NTZ7H3;
				ENABLE_PREVIEWS = YES;
				GENERATE_INFOPLIST_FILE = YES;
				INFOPLIST_FILE = BetterRemote/Info.plist;
				INFOPLIST_KEY_CFBundleDisplayName = Roam;
				INFOPLIST_KEY_LSApplicationCategoryType = "public.app-category.utilities";
				INFOPLIST_KEY_NSHumanReadableCopyright = "";
				INFOPLIST_KEY_NSLocalNetworkUsageDescription = "We scan the network for roku devices and wake them using WOL";
				INFOPLIST_KEY_UILaunchScreen_Generation = YES;
				INFOPLIST_KEY_UISupportedInterfaceOrientations = "UIInterfaceOrientationLandscapeLeft UIInterfaceOrientationLandscapeRight UIInterfaceOrientationPortrait UIInterfaceOrientationPortraitUpsideDown";
				LD_RUNPATH_SEARCH_PATHS = (
					"$(inherited)",
					"@executable_path/../Frameworks",
				);
				MACOSX_DEPLOYMENT_TARGET = 14.0;
				PRODUCT_BUNDLE_IDENTIFIER = com.msdrigg.BetterRemote;
				PRODUCT_NAME = "$(TARGET_NAME)";
				PROVISIONING_PROFILE_SPECIFIER = "";
				SDKROOT = iphoneos;
				SUPPORTED_PLATFORMS = "iphoneos iphonesimulator macosx";
				SUPPORTS_MACCATALYST = NO;
				SUPPORTS_MAC_DESIGNED_FOR_IPHONE_IPAD = NO;
				SWIFT_EMIT_LOC_STRINGS = YES;
				SWIFT_VERSION = 5.0;
				TARGETED_DEVICE_FAMILY = "1,2";
			};
			name = Debug;
		};
		AFC24F242AD0E5A3002AB66C /* Release */ = {
			isa = XCBuildConfiguration;
			buildSettings = {
				ALWAYS_EMBED_SWIFT_STANDARD_LIBRARIES = YES;
				ASSETCATALOG_COMPILER_APPICON_NAME = AppIcon;
				ASSETCATALOG_COMPILER_GLOBAL_ACCENT_COLOR_NAME = AccentColor;
				CODE_SIGN_ENTITLEMENTS = BetterRemote/BetterRemote.entitlements;
				CODE_SIGN_IDENTITY = "Apple Development";
				CODE_SIGN_STYLE = Automatic;
				COMBINE_HIDPI_IMAGES = YES;
				DEVELOPMENT_ASSET_PATHS = "BetterRemote/Preview\\ Content/netflix.png BetterRemote/Preview\\ Content/disney.png BetterRemote/Preview\\ Content/spotify.png BetterRemote/Preview\\ Content BetterRemote/Preview\\ Content/hulu.png";
				DEVELOPMENT_TEAM = 2865NTZ7H3;
				ENABLE_PREVIEWS = YES;
				GENERATE_INFOPLIST_FILE = YES;
				INFOPLIST_FILE = BetterRemote/Info.plist;
				INFOPLIST_KEY_CFBundleDisplayName = Roam;
				INFOPLIST_KEY_LSApplicationCategoryType = "public.app-category.utilities";
				INFOPLIST_KEY_NSHumanReadableCopyright = "";
				INFOPLIST_KEY_NSLocalNetworkUsageDescription = "We scan the network for roku devices and wake them using WOL";
				INFOPLIST_KEY_UILaunchScreen_Generation = YES;
				INFOPLIST_KEY_UISupportedInterfaceOrientations = "UIInterfaceOrientationLandscapeLeft UIInterfaceOrientationLandscapeRight UIInterfaceOrientationPortrait UIInterfaceOrientationPortraitUpsideDown";
				LD_RUNPATH_SEARCH_PATHS = (
					"$(inherited)",
					"@executable_path/../Frameworks",
				);
				MACOSX_DEPLOYMENT_TARGET = 14.0;
				PRODUCT_BUNDLE_IDENTIFIER = com.msdrigg.BetterRemote;
				PRODUCT_NAME = "$(TARGET_NAME)";
				PROVISIONING_PROFILE_SPECIFIER = "";
				SDKROOT = iphoneos;
				SUPPORTED_PLATFORMS = "iphoneos iphonesimulator macosx";
				SUPPORTS_MACCATALYST = NO;
				SUPPORTS_MAC_DESIGNED_FOR_IPHONE_IPAD = NO;
				SWIFT_EMIT_LOC_STRINGS = YES;
				SWIFT_VERSION = 5.0;
				TARGETED_DEVICE_FAMILY = "1,2";
			};
			name = Release;
		};
/* End XCBuildConfiguration section */

/* Begin XCConfigurationList section */
		AF27401E2AE02C27007C6208 /* Build configuration list for PBXNativeTarget "BetterRemoteWidgetsExtension" */ = {
			isa = XCConfigurationList;
			buildConfigurations = (
				AF27401C2AE02C27007C6208 /* Debug */,
				AF27401D2AE02C27007C6208 /* Release */,
			);
			defaultConfigurationIsVisible = 0;
			defaultConfigurationName = Release;
		};
		AFC24EF62AD0E5A1002AB66C /* Build configuration list for PBXProject "BetterRemote" */ = {
			isa = XCConfigurationList;
			buildConfigurations = (
				AFC24F202AD0E5A3002AB66C /* Debug */,
				AFC24F212AD0E5A3002AB66C /* Release */,
			);
			defaultConfigurationIsVisible = 0;
			defaultConfigurationName = Release;
		};
		AFC24F222AD0E5A3002AB66C /* Build configuration list for PBXNativeTarget "BetterRemote" */ = {
			isa = XCConfigurationList;
			buildConfigurations = (
				AFC24F232AD0E5A3002AB66C /* Debug */,
				AFC24F242AD0E5A3002AB66C /* Release */,
			);
			defaultConfigurationIsVisible = 0;
			defaultConfigurationName = Release;
		};
/* End XCConfigurationList section */

/* Begin XCRemoteSwiftPackageReference section */
		AF4D5F2F2AD434FB0055AF35 /* XCRemoteSwiftPackageReference "swift-nio" */ = {
			isa = XCRemoteSwiftPackageReference;
			repositoryURL = "https://github.com/apple/swift-nio.git";
			requirement = {
				kind = upToNextMajorVersion;
				minimumVersion = 2.59.0;
			};
		};
		AF95B7572ADF582F005FC338 /* XCRemoteSwiftPackageReference "swift-atomics" */ = {
			isa = XCRemoteSwiftPackageReference;
			repositoryURL = "https://github.com/apple/swift-atomics.git";
			requirement = {
				kind = upToNextMajorVersion;
				minimumVersion = 1.2.0;
			};
		};
		AFFED2452AD749DD00357FA4 /* XCRemoteSwiftPackageReference "XMLCoder" */ = {
			isa = XCRemoteSwiftPackageReference;
			repositoryURL = "https://github.com/CoreOffice/XMLCoder.git";
			requirement = {
				kind = upToNextMajorVersion;
				minimumVersion = 0.17.1;
			};
		};
		AFFED2482AD7536800357FA4 /* XCRemoteSwiftPackageReference "swift-rtp" */ = {
			isa = XCRemoteSwiftPackageReference;
			repositoryURL = "https://github.com/alta/swift-rtp";
			requirement = {
				branch = main;
				kind = branch;
			};
		};
		AFFED24B2AD7537A00357FA4 /* XCRemoteSwiftPackageReference "swift-opus" */ = {
			isa = XCRemoteSwiftPackageReference;
			repositoryURL = "https://github.com/alta/swift-opus";
			requirement = {
				kind = upToNextMajorVersion;
				minimumVersion = 0.0.2;
			};
		};
/* End XCRemoteSwiftPackageReference section */

/* Begin XCSwiftPackageProductDependency section */
		AF3EEF9B2AE0207900B661F3 /* RTP */ = {
			isa = XCSwiftPackageProductDependency;
			package = AFFED2482AD7536800357FA4 /* XCRemoteSwiftPackageReference "swift-rtp" */;
			productName = RTP;
		};
		AF3EEF9D2AE0207F00B661F3 /* Opus */ = {
			isa = XCSwiftPackageProductDependency;
			package = AFFED24B2AD7537A00357FA4 /* XCRemoteSwiftPackageReference "swift-opus" */;
			productName = Opus;
		};
		AF4D5F332AD4355E0055AF35 /* NIO */ = {
			isa = XCSwiftPackageProductDependency;
			package = AF4D5F2F2AD434FB0055AF35 /* XCRemoteSwiftPackageReference "swift-nio" */;
			productName = NIO;
		};
		AF76B8172AD8A15400DF6FF7 /* NIOWebSocket */ = {
			isa = XCSwiftPackageProductDependency;
			package = AF4D5F2F2AD434FB0055AF35 /* XCRemoteSwiftPackageReference "swift-nio" */;
			productName = NIOWebSocket;
		};
		AFFED2462AD749DD00357FA4 /* XMLCoder */ = {
			isa = XCSwiftPackageProductDependency;
			package = AFFED2452AD749DD00357FA4 /* XCRemoteSwiftPackageReference "XMLCoder" */;
			productName = XMLCoder;
		};
		AFFED24E2AD759E200357FA4 /* NIOFoundationCompat */ = {
			isa = XCSwiftPackageProductDependency;
			package = AF4D5F2F2AD434FB0055AF35 /* XCRemoteSwiftPackageReference "swift-nio" */;
			productName = NIOFoundationCompat;
		};
/* End XCSwiftPackageProductDependency section */
	};
	rootObject = AFC24EF32AD0E5A1002AB66C /* Project object */;
}
